// !$*UTF8*$!
{
	archiveVersion = 1;
	classes = {
	};
	objectVersion = 46;
	objects = {

/* Begin PBXBuildFile section */
		B44186921BA3311100604D7F /* RenderProject.cpp in Sources */ = {isa = PBXBuildFile; fileRef = B44186911BA3311100604D7F /* RenderProject.cpp */; };
		B462EC641B9641C700D6FCD5 /* autofit.c in Sources */ = {isa = PBXBuildFile; fileRef = B462EC631B9641C700D6FCD5 /* autofit.c */; };
		B462EC661B9641FD00D6FCD5 /* bdf.c in Sources */ = {isa = PBXBuildFile; fileRef = B462EC651B9641FD00D6FCD5 /* bdf.c */; };
		B462EC681B96421000D6FCD5 /* cff.c in Sources */ = {isa = PBXBuildFile; fileRef = B462EC671B96421000D6FCD5 /* cff.c */; };
		B462EC6A1B96421E00D6FCD5 /* ftbase.c in Sources */ = {isa = PBXBuildFile; fileRef = B462EC691B96421E00D6FCD5 /* ftbase.c */; };
		B462EC6C1B96422A00D6FCD5 /* ftbitmap.c in Sources */ = {isa = PBXBuildFile; fileRef = B462EC6B1B96422A00D6FCD5 /* ftbitmap.c */; };
		B462EC6E1B96423700D6FCD5 /* ftcache.c in Sources */ = {isa = PBXBuildFile; fileRef = B462EC6D1B96423700D6FCD5 /* ftcache.c */; };
		B462EC701B96424400D6FCD5 /* ftdebug.c in Sources */ = {isa = PBXBuildFile; fileRef = B462EC6F1B96424400D6FCD5 /* ftdebug.c */; };
		B462EC721B96425100D6FCD5 /* ftfstype.c in Sources */ = {isa = PBXBuildFile; fileRef = B462EC711B96425100D6FCD5 /* ftfstype.c */; };
		B462EC741B96426100D6FCD5 /* ftgasp.c in Sources */ = {isa = PBXBuildFile; fileRef = B462EC731B96426100D6FCD5 /* ftgasp.c */; };
		B462EC761B96426F00D6FCD5 /* ftglyph.c in Sources */ = {isa = PBXBuildFile; fileRef = B462EC751B96426F00D6FCD5 /* ftglyph.c */; };
		B462EC781B96428100D6FCD5 /* ftgzip.c in Sources */ = {isa = PBXBuildFile; fileRef = B462EC771B96428100D6FCD5 /* ftgzip.c */; };
		B462EC7A1B96428C00D6FCD5 /* ftinit.c in Sources */ = {isa = PBXBuildFile; fileRef = B462EC791B96428C00D6FCD5 /* ftinit.c */; };
		B462EC7C1B96429700D6FCD5 /* ftlzw.c in Sources */ = {isa = PBXBuildFile; fileRef = B462EC7B1B96429700D6FCD5 /* ftlzw.c */; };
		B462EC7E1B9642A500D6FCD5 /* ftstroke.c in Sources */ = {isa = PBXBuildFile; fileRef = B462EC7D1B9642A500D6FCD5 /* ftstroke.c */; };
		B462EC801B9642B300D6FCD5 /* ftsystem.c in Sources */ = {isa = PBXBuildFile; fileRef = B462EC7F1B9642B300D6FCD5 /* ftsystem.c */; };
		B462EC821B9642C000D6FCD5 /* smooth.c in Sources */ = {isa = PBXBuildFile; fileRef = B462EC811B9642C000D6FCD5 /* smooth.c */; };
		B462EC841B96430300D6FCD5 /* ftbbox.c in Sources */ = {isa = PBXBuildFile; fileRef = B462EC831B96430300D6FCD5 /* ftbbox.c */; };
		B462EC861B96431100D6FCD5 /* ftfntfmt.c in Sources */ = {isa = PBXBuildFile; fileRef = B462EC851B96431100D6FCD5 /* ftfntfmt.c */; };
		B462EC881B96431F00D6FCD5 /* ftgxval.c in Sources */ = {isa = PBXBuildFile; fileRef = B462EC871B96431F00D6FCD5 /* ftgxval.c */; };
		B462EC8A1B96432B00D6FCD5 /* ftlcdfil.c in Sources */ = {isa = PBXBuildFile; fileRef = B462EC891B96432B00D6FCD5 /* ftlcdfil.c */; };
		B462EC8C1B96433500D6FCD5 /* ftmm.c in Sources */ = {isa = PBXBuildFile; fileRef = B462EC8B1B96433500D6FCD5 /* ftmm.c */; };
		B462EC8E1B96434500D6FCD5 /* ftotval.c in Sources */ = {isa = PBXBuildFile; fileRef = B462EC8D1B96434500D6FCD5 /* ftotval.c */; };
		B462EC901B96435000D6FCD5 /* ftpatent.c in Sources */ = {isa = PBXBuildFile; fileRef = B462EC8F1B96435000D6FCD5 /* ftpatent.c */; };
		B462EC921B96435B00D6FCD5 /* ftpfr.c in Sources */ = {isa = PBXBuildFile; fileRef = B462EC911B96435B00D6FCD5 /* ftpfr.c */; };
		B462EC941B96436700D6FCD5 /* ftsynth.c in Sources */ = {isa = PBXBuildFile; fileRef = B462EC931B96436700D6FCD5 /* ftsynth.c */; };
		B462EC961B96437200D6FCD5 /* fttype1.c in Sources */ = {isa = PBXBuildFile; fileRef = B462EC951B96437200D6FCD5 /* fttype1.c */; };
		B462EC981B96437C00D6FCD5 /* ftwinfnt.c in Sources */ = {isa = PBXBuildFile; fileRef = B462EC971B96437C00D6FCD5 /* ftwinfnt.c */; };
		B462EC9A1B96438900D6FCD5 /* pcf.c in Sources */ = {isa = PBXBuildFile; fileRef = B462EC991B96438900D6FCD5 /* pcf.c */; };
		B462EC9C1B96439400D6FCD5 /* pfr.c in Sources */ = {isa = PBXBuildFile; fileRef = B462EC9B1B96439400D6FCD5 /* pfr.c */; };
		B462EC9E1B9643A300D6FCD5 /* psaux.c in Sources */ = {isa = PBXBuildFile; fileRef = B462EC9D1B9643A300D6FCD5 /* psaux.c */; };
		B462ECA01B9643AD00D6FCD5 /* pshinter.c in Sources */ = {isa = PBXBuildFile; fileRef = B462EC9F1B9643AD00D6FCD5 /* pshinter.c */; };
		B462ECA21B9643BA00D6FCD5 /* psmodule.c in Sources */ = {isa = PBXBuildFile; fileRef = B462ECA11B9643BA00D6FCD5 /* psmodule.c */; };
		B462ECA41B9643C600D6FCD5 /* raster.c in Sources */ = {isa = PBXBuildFile; fileRef = B462ECA31B9643C600D6FCD5 /* raster.c */; };
		B462ECA61B9643D600D6FCD5 /* sfnt.c in Sources */ = {isa = PBXBuildFile; fileRef = B462ECA51B9643D600D6FCD5 /* sfnt.c */; };
		B462ECA81B9643E400D6FCD5 /* truetype.c in Sources */ = {isa = PBXBuildFile; fileRef = B462ECA71B9643E400D6FCD5 /* truetype.c */; };
		B462ECAA1B9643F100D6FCD5 /* type1.c in Sources */ = {isa = PBXBuildFile; fileRef = B462ECA91B9643F100D6FCD5 /* type1.c */; };
		B462ECAC1B9643FE00D6FCD5 /* type1cid.c in Sources */ = {isa = PBXBuildFile; fileRef = B462ECAB1B9643FE00D6FCD5 /* type1cid.c */; };
		B462ECAE1B96440C00D6FCD5 /* type42.c in Sources */ = {isa = PBXBuildFile; fileRef = B462ECAD1B96440C00D6FCD5 /* type42.c */; };
		B462ECB01B96441A00D6FCD5 /* winfnt.c in Sources */ = {isa = PBXBuildFile; fileRef = B462ECAF1B96441A00D6FCD5 /* winfnt.c */; };
		B462ECB21B96486B00D6FCD5 /* libfreeimage.a in Frameworks */ = {isa = PBXBuildFile; fileRef = B462ECB11B96486B00D6FCD5 /* libfreeimage.a */; };
		B462ECB61B9648C000D6FCD5 /* OpenGL.framework in Frameworks */ = {isa = PBXBuildFile; fileRef = B462ECB51B9648C000D6FCD5 /* OpenGL.framework */; };
		B462ECB81B964C9900D6FCD5 /* libglfw.3.1.dylib in Frameworks */ = {isa = PBXBuildFile; fileRef = B462ECB71B964C9900D6FCD5 /* libglfw.3.1.dylib */; };
		B462ED4F1B96535F00D6FCD5 /* libGLEW.1.13.0.dylib in Frameworks */ = {isa = PBXBuildFile; fileRef = B462ED4E1B96535F00D6FCD5 /* libGLEW.1.13.0.dylib */; };
		B4794AE11BA6751500B5E9DC /* platform.c in Sources */ = {isa = PBXBuildFile; fileRef = B4794A7D1BA6751500B5E9DC /* platform.c */; };
		B4794AE21BA6751500B5E9DC /* texture-atlas.c in Sources */ = {isa = PBXBuildFile; fileRef = B4794A7F1BA6751500B5E9DC /* texture-atlas.c */; };
		B4794AE31BA6751500B5E9DC /* texture-font.c in Sources */ = {isa = PBXBuildFile; fileRef = B4794A811BA6751500B5E9DC /* texture-font.c */; };
		B4794AE41BA6751500B5E9DC /* vector.c in Sources */ = {isa = PBXBuildFile; fileRef = B4794A841BA6751500B5E9DC /* vector.c */; };
		B4794AE51BA6751500B5E9DC /* jsoncpp.cpp in Sources */ = {isa = PBXBuildFile; fileRef = B4794A891BA6751500B5E9DC /* jsoncpp.cpp */; };
		B4794AE61BA6751500B5E9DC /* obj.cpp in Sources */ = {isa = PBXBuildFile; fileRef = B4794A8D1BA6751500B5E9DC /* obj.cpp */; };
		B4794AE71BA6751500B5E9DC /* obj_parser.cpp in Sources */ = {isa = PBXBuildFile; fileRef = B4794A8F1BA6751500B5E9DC /* obj_parser.cpp */; };
		B4794AE81BA6751500B5E9DC /* Camera.cpp in Sources */ = {isa = PBXBuildFile; fileRef = B4794AB91BA6751500B5E9DC /* Camera.cpp */; };
		B4794AE91BA6751500B5E9DC /* Configuration.cpp in Sources */ = {isa = PBXBuildFile; fileRef = B4794ABA1BA6751500B5E9DC /* Configuration.cpp */; };
		B4794AEA1BA6751500B5E9DC /* CubeMap.cpp in Sources */ = {isa = PBXBuildFile; fileRef = B4794ABB1BA6751500B5E9DC /* CubeMap.cpp */; };
		B4794AEB1BA6751500B5E9DC /* DepthMap.cpp in Sources */ = {isa = PBXBuildFile; fileRef = B4794ABC1BA6751500B5E9DC /* DepthMap.cpp */; };
		B4794AEC1BA6751500B5E9DC /* Font.cpp in Sources */ = {isa = PBXBuildFile; fileRef = B4794ABD1BA6751500B5E9DC /* Font.cpp */; };
		B4794AED1BA6751500B5E9DC /* Framebuffer.cpp in Sources */ = {isa = PBXBuildFile; fileRef = B4794ABE1BA6751500B5E9DC /* Framebuffer.cpp */; };
		B4794AEE1BA6751500B5E9DC /* Geometry.cpp in Sources */ = {isa = PBXBuildFile; fileRef = B4794ABF1BA6751500B5E9DC /* Geometry.cpp */; };
		B4794AEF1BA6751500B5E9DC /* Logger.cpp in Sources */ = {isa = PBXBuildFile; fileRef = B4794AC01BA6751500B5E9DC /* Logger.cpp */; };
		B4794AF01BA6751500B5E9DC /* Material.cpp in Sources */ = {isa = PBXBuildFile; fileRef = B4794AC11BA6751500B5E9DC /* Material.cpp */; };
		B4794AF11BA6751500B5E9DC /* MatrixStack.cpp in Sources */ = {isa = PBXBuildFile; fileRef = B4794AC21BA6751500B5E9DC /* MatrixStack.cpp */; };
		B4794AF21BA6751500B5E9DC /* Model.cpp in Sources */ = {isa = PBXBuildFile; fileRef = B4794AC31BA6751500B5E9DC /* Model.cpp */; };
		B4794AF31BA6751500B5E9DC /* ModelData.cpp in Sources */ = {isa = PBXBuildFile; fileRef = B4794AC41BA6751500B5E9DC /* ModelData.cpp */; };
		B4794AF41BA6751500B5E9DC /* ModelRenderer.cpp in Sources */ = {isa = PBXBuildFile; fileRef = B4794AC51BA6751500B5E9DC /* ModelRenderer.cpp */; };
		B4794AF51BA6751500B5E9DC /* ObjectManager.cpp in Sources */ = {isa = PBXBuildFile; fileRef = B4794AC61BA6751500B5E9DC /* ObjectManager.cpp */; };
		B4794AF61BA6751500B5E9DC /* OBJLoader.cpp in Sources */ = {isa = PBXBuildFile; fileRef = B4794AC71BA6751500B5E9DC /* OBJLoader.cpp */; };
		B4794AF71BA6751500B5E9DC /* Renderer.cpp in Sources */ = {isa = PBXBuildFile; fileRef = B4794AC81BA6751500B5E9DC /* Renderer.cpp */; };
		B4794AF81BA6751500B5E9DC /* RenderQueue.cpp in Sources */ = {isa = PBXBuildFile; fileRef = B4794AC91BA6751500B5E9DC /* RenderQueue.cpp */; };
		B4794AF91BA6751500B5E9DC /* Shader.cpp in Sources */ = {isa = PBXBuildFile; fileRef = B4794ACA1BA6751500B5E9DC /* Shader.cpp */; };
		B4794AFA1BA6751500B5E9DC /* ShaderDataFile.cpp in Sources */ = {isa = PBXBuildFile; fileRef = B4794ACB1BA6751500B5E9DC /* ShaderDataFile.cpp */; };
		B4794AFB1BA6751500B5E9DC /* ShaderDataGenerator.cpp in Sources */ = {isa = PBXBuildFile; fileRef = B4794ACC1BA6751500B5E9DC /* ShaderDataGenerator.cpp */; };
		B4794AFC1BA6751500B5E9DC /* ShaderSource.cpp in Sources */ = {isa = PBXBuildFile; fileRef = B4794ACD1BA6751500B5E9DC /* ShaderSource.cpp */; };
		B4794AFD1BA6751500B5E9DC /* Sprite.cpp in Sources */ = {isa = PBXBuildFile; fileRef = B4794ACE1BA6751500B5E9DC /* Sprite.cpp */; };
		B4794AFE1BA6751500B5E9DC /* TextSprite.cpp in Sources */ = {isa = PBXBuildFile; fileRef = B4794ACF1BA6751500B5E9DC /* TextSprite.cpp */; };
		B4794AFF1BA6751500B5E9DC /* Texture.cpp in Sources */ = {isa = PBXBuildFile; fileRef = B4794AD01BA6751500B5E9DC /* Texture.cpp */; };
		B4794B001BA6751500B5E9DC /* TextureData.cpp in Sources */ = {isa = PBXBuildFile; fileRef = B4794AD11BA6751500B5E9DC /* TextureData.cpp */; };
		B4794B011BA6751500B5E9DC /* FileHandler_desktop.cpp in Sources */ = {isa = PBXBuildFile; fileRef = B4794AD41BA6751500B5E9DC /* FileHandler_desktop.cpp */; };
		B4794B021BA6751500B5E9DC /* Input_desktop.cpp in Sources */ = {isa = PBXBuildFile; fileRef = B4794AD51BA6751500B5E9DC /* Input_desktop.cpp */; };
		B4794B031BA6751500B5E9DC /* Renderer_desktop.cpp in Sources */ = {isa = PBXBuildFile; fileRef = B4794AD61BA6751500B5E9DC /* Renderer_desktop.cpp */; };
		B4794B041BA6751500B5E9DC /* TextureData_desktop.cpp in Sources */ = {isa = PBXBuildFile; fileRef = B4794AD71BA6751500B5E9DC /* TextureData_desktop.cpp */; };
		B4794B051BA6751500B5E9DC /* View_desktop.cpp in Sources */ = {isa = PBXBuildFile; fileRef = B4794AD81BA6751500B5E9DC /* View_desktop.cpp */; };
		B4794B061BA6751500B5E9DC /* BView.mm in Sources */ = {isa = PBXBuildFile; fileRef = B4794ADB1BA6751500B5E9DC /* BView.mm */; };
		B4794B071BA6751500B5E9DC /* FileHandler_ios.mm in Sources */ = {isa = PBXBuildFile; fileRef = B4794ADC1BA6751500B5E9DC /* FileHandler_ios.mm */; };
		B4794B081BA6751500B5E9DC /* Input_ios.mm in Sources */ = {isa = PBXBuildFile; fileRef = B4794ADD1BA6751500B5E9DC /* Input_ios.mm */; };
		B4794B091BA6751500B5E9DC /* Renderer_ios.mm in Sources */ = {isa = PBXBuildFile; fileRef = B4794ADE1BA6751500B5E9DC /* Renderer_ios.mm */; };
		B4794B0A1BA6751500B5E9DC /* TextureData_ios.mm in Sources */ = {isa = PBXBuildFile; fileRef = B4794ADF1BA6751500B5E9DC /* TextureData_ios.mm */; };
		B4794B0B1BA6751500B5E9DC /* View_ios.mm in Sources */ = {isa = PBXBuildFile; fileRef = B4794AE01BA6751500B5E9DC /* View_ios.mm */; };
		B4D222CC1B9621F900D55C29 /* main.cpp in Sources */ = {isa = PBXBuildFile; fileRef = B4D222CB1B9621F900D55C29 /* main.cpp */; };
/* End PBXBuildFile section */

/* Begin PBXCopyFilesBuildPhase section */
		B485F9951B961D500051C6DB /* CopyFiles */ = {
			isa = PBXCopyFilesBuildPhase;
			buildActionMask = 2147483647;
			dstPath = /usr/share/man/man1/;
			dstSubfolderSpec = 0;
			files = (
			);
			runOnlyForDeploymentPostprocessing = 1;
		};
/* End PBXCopyFilesBuildPhase section */

/* Begin PBXFileReference section */
		B441868F1BA3311100604D7F /* RenderProject.h */ = {isa = PBXFileReference; fileEncoding = 4; lastKnownFileType = sourcecode.c.h; path = RenderProject.h; sourceTree = "<group>"; };
		B44186911BA3311100604D7F /* RenderProject.cpp */ = {isa = PBXFileReference; fileEncoding = 4; lastKnownFileType = sourcecode.cpp.cpp; path = RenderProject.cpp; sourceTree = "<group>"; };
		B462EC631B9641C700D6FCD5 /* autofit.c */ = {isa = PBXFileReference; fileEncoding = 4; lastKnownFileType = sourcecode.c.c; name = autofit.c; path = "externalLibraries/freetype-2.6/src/autofit/autofit.c"; sourceTree = "<group>"; };
		B462EC651B9641FD00D6FCD5 /* bdf.c */ = {isa = PBXFileReference; fileEncoding = 4; lastKnownFileType = sourcecode.c.c; name = bdf.c; path = "externalLibraries/freetype-2.6/src/bdf/bdf.c"; sourceTree = "<group>"; };
		B462EC671B96421000D6FCD5 /* cff.c */ = {isa = PBXFileReference; fileEncoding = 4; lastKnownFileType = sourcecode.c.c; name = cff.c; path = "externalLibraries/freetype-2.6/src/cff/cff.c"; sourceTree = "<group>"; };
		B462EC691B96421E00D6FCD5 /* ftbase.c */ = {isa = PBXFileReference; fileEncoding = 4; lastKnownFileType = sourcecode.c.c; name = ftbase.c; path = "externalLibraries/freetype-2.6/src/base/ftbase.c"; sourceTree = "<group>"; };
		B462EC6B1B96422A00D6FCD5 /* ftbitmap.c */ = {isa = PBXFileReference; fileEncoding = 4; lastKnownFileType = sourcecode.c.c; name = ftbitmap.c; path = "externalLibraries/freetype-2.6/src/base/ftbitmap.c"; sourceTree = "<group>"; };
		B462EC6D1B96423700D6FCD5 /* ftcache.c */ = {isa = PBXFileReference; fileEncoding = 4; lastKnownFileType = sourcecode.c.c; name = ftcache.c; path = "externalLibraries/freetype-2.6/src/cache/ftcache.c"; sourceTree = "<group>"; };
		B462EC6F1B96424400D6FCD5 /* ftdebug.c */ = {isa = PBXFileReference; fileEncoding = 4; lastKnownFileType = sourcecode.c.c; name = ftdebug.c; path = "externalLibraries/freetype-2.6/src/base/ftdebug.c"; sourceTree = "<group>"; };
		B462EC711B96425100D6FCD5 /* ftfstype.c */ = {isa = PBXFileReference; fileEncoding = 4; lastKnownFileType = sourcecode.c.c; name = ftfstype.c; path = "externalLibraries/freetype-2.6/src/base/ftfstype.c"; sourceTree = "<group>"; };
		B462EC731B96426100D6FCD5 /* ftgasp.c */ = {isa = PBXFileReference; fileEncoding = 4; lastKnownFileType = sourcecode.c.c; name = ftgasp.c; path = "externalLibraries/freetype-2.6/src/base/ftgasp.c"; sourceTree = "<group>"; };
		B462EC751B96426F00D6FCD5 /* ftglyph.c */ = {isa = PBXFileReference; fileEncoding = 4; lastKnownFileType = sourcecode.c.c; name = ftglyph.c; path = "externalLibraries/freetype-2.6/src/base/ftglyph.c"; sourceTree = "<group>"; };
		B462EC771B96428100D6FCD5 /* ftgzip.c */ = {isa = PBXFileReference; fileEncoding = 4; lastKnownFileType = sourcecode.c.c; name = ftgzip.c; path = "externalLibraries/freetype-2.6/src/gzip/ftgzip.c"; sourceTree = "<group>"; };
		B462EC791B96428C00D6FCD5 /* ftinit.c */ = {isa = PBXFileReference; fileEncoding = 4; lastKnownFileType = sourcecode.c.c; name = ftinit.c; path = "externalLibraries/freetype-2.6/src/base/ftinit.c"; sourceTree = "<group>"; };
		B462EC7B1B96429700D6FCD5 /* ftlzw.c */ = {isa = PBXFileReference; fileEncoding = 4; lastKnownFileType = sourcecode.c.c; name = ftlzw.c; path = "externalLibraries/freetype-2.6/src/lzw/ftlzw.c"; sourceTree = "<group>"; };
		B462EC7D1B9642A500D6FCD5 /* ftstroke.c */ = {isa = PBXFileReference; fileEncoding = 4; lastKnownFileType = sourcecode.c.c; name = ftstroke.c; path = "externalLibraries/freetype-2.6/src/base/ftstroke.c"; sourceTree = "<group>"; };
		B462EC7F1B9642B300D6FCD5 /* ftsystem.c */ = {isa = PBXFileReference; fileEncoding = 4; lastKnownFileType = sourcecode.c.c; name = ftsystem.c; path = "externalLibraries/freetype-2.6/src/base/ftsystem.c"; sourceTree = "<group>"; };
		B462EC811B9642C000D6FCD5 /* smooth.c */ = {isa = PBXFileReference; fileEncoding = 4; lastKnownFileType = sourcecode.c.c; name = smooth.c; path = "externalLibraries/freetype-2.6/src/smooth/smooth.c"; sourceTree = "<group>"; };
		B462EC831B96430300D6FCD5 /* ftbbox.c */ = {isa = PBXFileReference; fileEncoding = 4; lastKnownFileType = sourcecode.c.c; name = ftbbox.c; path = "externalLibraries/freetype-2.6/src/base/ftbbox.c"; sourceTree = "<group>"; };
		B462EC851B96431100D6FCD5 /* ftfntfmt.c */ = {isa = PBXFileReference; fileEncoding = 4; lastKnownFileType = sourcecode.c.c; name = ftfntfmt.c; path = "externalLibraries/freetype-2.6/src/base/ftfntfmt.c"; sourceTree = "<group>"; };
		B462EC871B96431F00D6FCD5 /* ftgxval.c */ = {isa = PBXFileReference; fileEncoding = 4; lastKnownFileType = sourcecode.c.c; name = ftgxval.c; path = "externalLibraries/freetype-2.6/src/base/ftgxval.c"; sourceTree = "<group>"; };
		B462EC891B96432B00D6FCD5 /* ftlcdfil.c */ = {isa = PBXFileReference; fileEncoding = 4; lastKnownFileType = sourcecode.c.c; name = ftlcdfil.c; path = "externalLibraries/freetype-2.6/src/base/ftlcdfil.c"; sourceTree = "<group>"; };
		B462EC8B1B96433500D6FCD5 /* ftmm.c */ = {isa = PBXFileReference; fileEncoding = 4; lastKnownFileType = sourcecode.c.c; name = ftmm.c; path = "externalLibraries/freetype-2.6/src/base/ftmm.c"; sourceTree = "<group>"; };
		B462EC8D1B96434500D6FCD5 /* ftotval.c */ = {isa = PBXFileReference; fileEncoding = 4; lastKnownFileType = sourcecode.c.c; name = ftotval.c; path = "externalLibraries/freetype-2.6/src/base/ftotval.c"; sourceTree = "<group>"; };
		B462EC8F1B96435000D6FCD5 /* ftpatent.c */ = {isa = PBXFileReference; fileEncoding = 4; lastKnownFileType = sourcecode.c.c; name = ftpatent.c; path = "externalLibraries/freetype-2.6/src/base/ftpatent.c"; sourceTree = "<group>"; };
		B462EC911B96435B00D6FCD5 /* ftpfr.c */ = {isa = PBXFileReference; fileEncoding = 4; lastKnownFileType = sourcecode.c.c; name = ftpfr.c; path = "externalLibraries/freetype-2.6/src/base/ftpfr.c"; sourceTree = "<group>"; };
		B462EC931B96436700D6FCD5 /* ftsynth.c */ = {isa = PBXFileReference; fileEncoding = 4; lastKnownFileType = sourcecode.c.c; name = ftsynth.c; path = "externalLibraries/freetype-2.6/src/base/ftsynth.c"; sourceTree = "<group>"; };
		B462EC951B96437200D6FCD5 /* fttype1.c */ = {isa = PBXFileReference; fileEncoding = 4; lastKnownFileType = sourcecode.c.c; name = fttype1.c; path = "externalLibraries/freetype-2.6/src/base/fttype1.c"; sourceTree = "<group>"; };
		B462EC971B96437C00D6FCD5 /* ftwinfnt.c */ = {isa = PBXFileReference; fileEncoding = 4; lastKnownFileType = sourcecode.c.c; name = ftwinfnt.c; path = "externalLibraries/freetype-2.6/src/base/ftwinfnt.c"; sourceTree = "<group>"; };
		B462EC991B96438900D6FCD5 /* pcf.c */ = {isa = PBXFileReference; fileEncoding = 4; lastKnownFileType = sourcecode.c.c; name = pcf.c; path = "externalLibraries/freetype-2.6/src/pcf/pcf.c"; sourceTree = "<group>"; };
		B462EC9B1B96439400D6FCD5 /* pfr.c */ = {isa = PBXFileReference; fileEncoding = 4; lastKnownFileType = sourcecode.c.c; name = pfr.c; path = "externalLibraries/freetype-2.6/src/pfr/pfr.c"; sourceTree = "<group>"; };
		B462EC9D1B9643A300D6FCD5 /* psaux.c */ = {isa = PBXFileReference; fileEncoding = 4; lastKnownFileType = sourcecode.c.c; name = psaux.c; path = "externalLibraries/freetype-2.6/src/psaux/psaux.c"; sourceTree = "<group>"; };
		B462EC9F1B9643AD00D6FCD5 /* pshinter.c */ = {isa = PBXFileReference; fileEncoding = 4; lastKnownFileType = sourcecode.c.c; name = pshinter.c; path = "externalLibraries/freetype-2.6/src/pshinter/pshinter.c"; sourceTree = "<group>"; };
		B462ECA11B9643BA00D6FCD5 /* psmodule.c */ = {isa = PBXFileReference; fileEncoding = 4; lastKnownFileType = sourcecode.c.c; name = psmodule.c; path = "externalLibraries/freetype-2.6/src/psnames/psmodule.c"; sourceTree = "<group>"; };
		B462ECA31B9643C600D6FCD5 /* raster.c */ = {isa = PBXFileReference; fileEncoding = 4; lastKnownFileType = sourcecode.c.c; name = raster.c; path = "externalLibraries/freetype-2.6/src/raster/raster.c"; sourceTree = "<group>"; };
		B462ECA51B9643D600D6FCD5 /* sfnt.c */ = {isa = PBXFileReference; fileEncoding = 4; lastKnownFileType = sourcecode.c.c; name = sfnt.c; path = "externalLibraries/freetype-2.6/src/sfnt/sfnt.c"; sourceTree = "<group>"; };
		B462ECA71B9643E400D6FCD5 /* truetype.c */ = {isa = PBXFileReference; fileEncoding = 4; lastKnownFileType = sourcecode.c.c; name = truetype.c; path = "externalLibraries/freetype-2.6/src/truetype/truetype.c"; sourceTree = "<group>"; };
		B462ECA91B9643F100D6FCD5 /* type1.c */ = {isa = PBXFileReference; fileEncoding = 4; lastKnownFileType = sourcecode.c.c; name = type1.c; path = "externalLibraries/freetype-2.6/src/type1/type1.c"; sourceTree = "<group>"; };
		B462ECAB1B9643FE00D6FCD5 /* type1cid.c */ = {isa = PBXFileReference; fileEncoding = 4; lastKnownFileType = sourcecode.c.c; name = type1cid.c; path = "externalLibraries/freetype-2.6/src/cid/type1cid.c"; sourceTree = "<group>"; };
		B462ECAD1B96440C00D6FCD5 /* type42.c */ = {isa = PBXFileReference; fileEncoding = 4; lastKnownFileType = sourcecode.c.c; name = type42.c; path = "externalLibraries/freetype-2.6/src/type42/type42.c"; sourceTree = "<group>"; };
		B462ECAF1B96441A00D6FCD5 /* winfnt.c */ = {isa = PBXFileReference; fileEncoding = 4; lastKnownFileType = sourcecode.c.c; name = winfnt.c; path = "externalLibraries/freetype-2.6/src/winfonts/winfnt.c"; sourceTree = "<group>"; };
		B462ECB11B96486B00D6FCD5 /* libfreeimage.a */ = {isa = PBXFileReference; lastKnownFileType = archive.ar; name = libfreeimage.a; path = externalLibraries/FreeImage3170/libfreeimage.a; sourceTree = "<group>"; };
		B462ECB51B9648C000D6FCD5 /* OpenGL.framework */ = {isa = PBXFileReference; lastKnownFileType = wrapper.framework; name = OpenGL.framework; path = System/Library/Frameworks/OpenGL.framework; sourceTree = SDKROOT; };
		B462ECB71B964C9900D6FCD5 /* libglfw.3.1.dylib */ = {isa = PBXFileReference; lastKnownFileType = "compiled.mach-o.dylib"; name = libglfw.3.1.dylib; path = "externalLibraries/glfw-3.1.1/lib_osx/libglfw.3.1.dylib"; sourceTree = "<group>"; };
		B462ED4E1B96535F00D6FCD5 /* libGLEW.1.13.0.dylib */ = {isa = PBXFileReference; lastKnownFileType = "compiled.mach-o.dylib"; name = libGLEW.1.13.0.dylib; path = "externalLibraries/glew-1.13.0/lib_osx/libGLEW.1.13.0.dylib"; sourceTree = "<group>"; };
		B4794A591BA6750800B5E9DC /* arial.ttf */ = {isa = PBXFileReference; lastKnownFileType = file; path = arial.ttf; sourceTree = "<group>"; };
		B4794A5A1BA6750800B5E9DC /* basicTitle_light.png */ = {isa = PBXFileReference; lastKnownFileType = image.png; path = basicTitle_light.png; sourceTree = "<group>"; };
		B4794A5B1BA6750800B5E9DC /* blurShader.frag */ = {isa = PBXFileReference; lastKnownFileType = sourcecode.glsl; path = blurShader.frag; sourceTree = "<group>"; };
		B4794A5C1BA6750800B5E9DC /* blurShader.vert */ = {isa = PBXFileReference; lastKnownFileType = sourcecode.glsl; path = blurShader.vert; sourceTree = "<group>"; };
		B4794A5D1BA6750800B5E9DC /* cave.mtl */ = {isa = PBXFileReference; lastKnownFileType = text; path = cave.mtl; sourceTree = "<group>"; };
		B4794A5E1BA6750800B5E9DC /* cave.obj */ = {isa = PBXFileReference; lastKnownFileType = text; path = cave.obj; sourceTree = "<group>"; };
		B4794A5F1BA6750800B5E9DC /* cave_d.png */ = {isa = PBXFileReference; lastKnownFileType = image.png; path = cave_d.png; sourceTree = "<group>"; };
		B4794A601BA6750800B5E9DC /* cave_n.png */ = {isa = PBXFileReference; lastKnownFileType = image.png; path = cave_n.png; sourceTree = "<group>"; };
		B4794A611BA6750800B5E9DC /* cave_stream.frag */ = {isa = PBXFileReference; lastKnownFileType = sourcecode.glsl; path = cave_stream.frag; sourceTree = "<group>"; };
		B4794A621BA6750800B5E9DC /* cave_stream.mtl */ = {isa = PBXFileReference; lastKnownFileType = text; path = cave_stream.mtl; sourceTree = "<group>"; };
		B4794A631BA6750800B5E9DC /* cave_stream.obj */ = {isa = PBXFileReference; lastKnownFileType = text; path = cave_stream.obj; sourceTree = "<group>"; };
		B4794A641BA6750800B5E9DC /* cave_stream.vert */ = {isa = PBXFileReference; lastKnownFileType = sourcecode.glsl; path = cave_stream.vert; sourceTree = "<group>"; };
		B4794A651BA6750800B5E9DC /* cave_stream_n.png */ = {isa = PBXFileReference; lastKnownFileType = image.png; path = cave_stream_n.png; sourceTree = "<group>"; };
		B4794A661BA6750800B5E9DC /* config.json */ = {isa = PBXFileReference; lastKnownFileType = text.json; path = config.json; sourceTree = "<group>"; };
		B4794A671BA6750800B5E9DC /* crystal.mtl */ = {isa = PBXFileReference; lastKnownFileType = text; path = crystal.mtl; sourceTree = "<group>"; };
		B4794A681BA6750800B5E9DC /* crystal.obj */ = {isa = PBXFileReference; lastKnownFileType = text; path = crystal.obj; sourceTree = "<group>"; };
		B4794A691BA6750800B5E9DC /* crystal_d.png */ = {isa = PBXFileReference; lastKnownFileType = image.png; path = crystal_d.png; sourceTree = "<group>"; };
		B4794A6A1BA6750800B5E9DC /* crystal_n.png */ = {isa = PBXFileReference; lastKnownFileType = image.png; path = crystal_n.png; sourceTree = "<group>"; };
		B4794A6B1BA6750800B5E9DC /* crystal_s.png */ = {isa = PBXFileReference; lastKnownFileType = image.png; path = crystal_s.png; sourceTree = "<group>"; };
		B4794A6C1BA6750800B5E9DC /* flame.frag */ = {isa = PBXFileReference; lastKnownFileType = sourcecode.glsl; path = flame.frag; sourceTree = "<group>"; };
		B4794A6D1BA6750800B5E9DC /* flame.mtl */ = {isa = PBXFileReference; lastKnownFileType = text; path = flame.mtl; sourceTree = "<group>"; };
		B4794A6E1BA6750800B5E9DC /* flame.obj */ = {isa = PBXFileReference; lastKnownFileType = text; path = flame.obj; sourceTree = "<group>"; };
		B4794A6F1BA6750800B5E9DC /* flame.png */ = {isa = PBXFileReference; lastKnownFileType = image.png; path = flame.png; sourceTree = "<group>"; };
		B4794A701BA6750800B5E9DC /* flame.vert */ = {isa = PBXFileReference; lastKnownFileType = sourcecode.glsl; path = flame.vert; sourceTree = "<group>"; };
		B4794A711BA6750800B5E9DC /* KozGoPro-ExtraLight.otf */ = {isa = PBXFileReference; lastKnownFileType = file; path = "KozGoPro-ExtraLight.otf"; sourceTree = "<group>"; };
		B4794A721BA6750800B5E9DC /* sparks.png */ = {isa = PBXFileReference; lastKnownFileType = image.png; path = sparks.png; sourceTree = "<group>"; };
		B4794A731BA6750800B5E9DC /* torch.mtl */ = {isa = PBXFileReference; lastKnownFileType = text; path = torch.mtl; sourceTree = "<group>"; };
		B4794A741BA6750800B5E9DC /* torch.obj */ = {isa = PBXFileReference; lastKnownFileType = text; path = torch.obj; sourceTree = "<group>"; };
		B4794A751BA6750800B5E9DC /* torchSurface_Color.png */ = {isa = PBXFileReference; lastKnownFileType = image.png; path = torchSurface_Color.png; sourceTree = "<group>"; };
		B4794A771BA6751500B5E9DC /* bRenderer.h */ = {isa = PBXFileReference; fileEncoding = 4; lastKnownFileType = sourcecode.c.h; path = bRenderer.h; sourceTree = "<group>"; };
		B4794A7A1BA6751500B5E9DC /* freetype-gl.h */ = {isa = PBXFileReference; fileEncoding = 4; lastKnownFileType = sourcecode.c.h; path = "freetype-gl.h"; sourceTree = "<group>"; };
		B4794A7B1BA6751500B5E9DC /* LICENSE.txt */ = {isa = PBXFileReference; fileEncoding = 4; lastKnownFileType = text; path = LICENSE.txt; sourceTree = "<group>"; };
		B4794A7C1BA6751500B5E9DC /* opengl.h */ = {isa = PBXFileReference; fileEncoding = 4; lastKnownFileType = sourcecode.c.h; path = opengl.h; sourceTree = "<group>"; };
		B4794A7D1BA6751500B5E9DC /* platform.c */ = {isa = PBXFileReference; fileEncoding = 4; lastKnownFileType = sourcecode.c.c; path = platform.c; sourceTree = "<group>"; };
		B4794A7E1BA6751500B5E9DC /* platform.h */ = {isa = PBXFileReference; fileEncoding = 4; lastKnownFileType = sourcecode.c.h; path = platform.h; sourceTree = "<group>"; };
		B4794A7F1BA6751500B5E9DC /* texture-atlas.c */ = {isa = PBXFileReference; fileEncoding = 4; lastKnownFileType = sourcecode.c.c; path = "texture-atlas.c"; sourceTree = "<group>"; };
		B4794A801BA6751500B5E9DC /* texture-atlas.h */ = {isa = PBXFileReference; fileEncoding = 4; lastKnownFileType = sourcecode.c.h; path = "texture-atlas.h"; sourceTree = "<group>"; };
		B4794A811BA6751500B5E9DC /* texture-font.c */ = {isa = PBXFileReference; fileEncoding = 4; lastKnownFileType = sourcecode.c.c; path = "texture-font.c"; sourceTree = "<group>"; };
		B4794A821BA6751500B5E9DC /* texture-font.h */ = {isa = PBXFileReference; fileEncoding = 4; lastKnownFileType = sourcecode.c.h; path = "texture-font.h"; sourceTree = "<group>"; };
		B4794A831BA6751500B5E9DC /* vec234.h */ = {isa = PBXFileReference; fileEncoding = 4; lastKnownFileType = sourcecode.c.h; path = vec234.h; sourceTree = "<group>"; };
		B4794A841BA6751500B5E9DC /* vector.c */ = {isa = PBXFileReference; fileEncoding = 4; lastKnownFileType = sourcecode.c.c; path = vector.c; sourceTree = "<group>"; };
		B4794A851BA6751500B5E9DC /* vector.h */ = {isa = PBXFileReference; fileEncoding = 4; lastKnownFileType = sourcecode.c.h; path = vector.h; sourceTree = "<group>"; };
		B4794A871BA6751500B5E9DC /* json-forwards.h */ = {isa = PBXFileReference; fileEncoding = 4; lastKnownFileType = sourcecode.c.h; path = "json-forwards.h"; sourceTree = "<group>"; };
		B4794A881BA6751500B5E9DC /* json.h */ = {isa = PBXFileReference; fileEncoding = 4; lastKnownFileType = sourcecode.c.h; path = json.h; sourceTree = "<group>"; };
		B4794A891BA6751500B5E9DC /* jsoncpp.cpp */ = {isa = PBXFileReference; fileEncoding = 4; lastKnownFileType = sourcecode.cpp.cpp; path = jsoncpp.cpp; sourceTree = "<group>"; };
		B4794A8A1BA6751500B5E9DC /* LICENSE.txt */ = {isa = PBXFileReference; fileEncoding = 4; lastKnownFileType = text; path = LICENSE.txt; sourceTree = "<group>"; };
		B4794A8C1BA6751500B5E9DC /* LICENSE.txt */ = {isa = PBXFileReference; fileEncoding = 4; lastKnownFileType = text; path = LICENSE.txt; sourceTree = "<group>"; };
		B4794A8D1BA6751500B5E9DC /* obj.cpp */ = {isa = PBXFileReference; fileEncoding = 4; lastKnownFileType = sourcecode.cpp.cpp; path = obj.cpp; sourceTree = "<group>"; };
		B4794A8E1BA6751500B5E9DC /* obj.hpp */ = {isa = PBXFileReference; fileEncoding = 4; lastKnownFileType = sourcecode.cpp.h; path = obj.hpp; sourceTree = "<group>"; };
		B4794A8F1BA6751500B5E9DC /* obj_parser.cpp */ = {isa = PBXFileReference; fileEncoding = 4; lastKnownFileType = sourcecode.cpp.cpp; path = obj_parser.cpp; sourceTree = "<group>"; };
		B4794A901BA6751500B5E9DC /* obj_parser.hpp */ = {isa = PBXFileReference; fileEncoding = 4; lastKnownFileType = sourcecode.cpp.h; path = obj_parser.hpp; sourceTree = "<group>"; };
		B4794A921BA6751500B5E9DC /* Camera.h */ = {isa = PBXFileReference; fileEncoding = 4; lastKnownFileType = sourcecode.c.h; path = Camera.h; sourceTree = "<group>"; };
		B4794A931BA6751500B5E9DC /* Configuration.h */ = {isa = PBXFileReference; fileEncoding = 4; lastKnownFileType = sourcecode.c.h; path = Configuration.h; sourceTree = "<group>"; };
		B4794A941BA6751500B5E9DC /* CubeMap.h */ = {isa = PBXFileReference; fileEncoding = 4; lastKnownFileType = sourcecode.c.h; path = CubeMap.h; sourceTree = "<group>"; };
		B4794A951BA6751500B5E9DC /* DepthMap.h */ = {isa = PBXFileReference; fileEncoding = 4; lastKnownFileType = sourcecode.c.h; path = DepthMap.h; sourceTree = "<group>"; };
		B4794A961BA6751500B5E9DC /* FileHandler.h */ = {isa = PBXFileReference; fileEncoding = 4; lastKnownFileType = sourcecode.c.h; path = FileHandler.h; sourceTree = "<group>"; };
		B4794A971BA6751500B5E9DC /* Font.h */ = {isa = PBXFileReference; fileEncoding = 4; lastKnownFileType = sourcecode.c.h; path = Font.h; sourceTree = "<group>"; };
		B4794A981BA6751500B5E9DC /* Framebuffer.h */ = {isa = PBXFileReference; fileEncoding = 4; lastKnownFileType = sourcecode.c.h; path = Framebuffer.h; sourceTree = "<group>"; };
		B4794A991BA6751500B5E9DC /* Geometry.h */ = {isa = PBXFileReference; fileEncoding = 4; lastKnownFileType = sourcecode.c.h; path = Geometry.h; sourceTree = "<group>"; };
		B4794A9A1BA6751500B5E9DC /* GeometryData.h */ = {isa = PBXFileReference; fileEncoding = 4; lastKnownFileType = sourcecode.c.h; path = GeometryData.h; sourceTree = "<group>"; };
		B4794A9B1BA6751500B5E9DC /* IDrawable.h */ = {isa = PBXFileReference; fileEncoding = 4; lastKnownFileType = sourcecode.c.h; path = IDrawable.h; sourceTree = "<group>"; };
		B4794A9C1BA6751500B5E9DC /* Input.h */ = {isa = PBXFileReference; fileEncoding = 4; lastKnownFileType = sourcecode.c.h; path = Input.h; sourceTree = "<group>"; };
		B4794A9D1BA6751500B5E9DC /* IRenderProject.h */ = {isa = PBXFileReference; fileEncoding = 4; lastKnownFileType = sourcecode.c.h; path = IRenderProject.h; sourceTree = "<group>"; };
		B4794A9E1BA6751500B5E9DC /* IShaderData.h */ = {isa = PBXFileReference; fileEncoding = 4; lastKnownFileType = sourcecode.c.h; path = IShaderData.h; sourceTree = "<group>"; };
		B4794A9F1BA6751500B5E9DC /* Light.h */ = {isa = PBXFileReference; fileEncoding = 4; lastKnownFileType = sourcecode.c.h; path = Light.h; sourceTree = "<group>"; };
		B4794AA01BA6751500B5E9DC /* Logger.h */ = {isa = PBXFileReference; fileEncoding = 4; lastKnownFileType = sourcecode.c.h; path = Logger.h; sourceTree = "<group>"; };
		B4794AA11BA6751500B5E9DC /* Material.h */ = {isa = PBXFileReference; fileEncoding = 4; lastKnownFileType = sourcecode.c.h; path = Material.h; sourceTree = "<group>"; };
		B4794AA21BA6751500B5E9DC /* MaterialData.h */ = {isa = PBXFileReference; fileEncoding = 4; lastKnownFileType = sourcecode.c.h; path = MaterialData.h; sourceTree = "<group>"; };
		B4794AA31BA6751500B5E9DC /* MatrixStack.h */ = {isa = PBXFileReference; fileEncoding = 4; lastKnownFileType = sourcecode.c.h; path = MatrixStack.h; sourceTree = "<group>"; };
		B4794AA41BA6751500B5E9DC /* Model.h */ = {isa = PBXFileReference; fileEncoding = 4; lastKnownFileType = sourcecode.c.h; path = Model.h; sourceTree = "<group>"; };
		B4794AA51BA6751500B5E9DC /* ModelData.h */ = {isa = PBXFileReference; fileEncoding = 4; lastKnownFileType = sourcecode.c.h; path = ModelData.h; sourceTree = "<group>"; };
		B4794AA61BA6751500B5E9DC /* ModelRenderer.h */ = {isa = PBXFileReference; fileEncoding = 4; lastKnownFileType = sourcecode.c.h; path = ModelRenderer.h; sourceTree = "<group>"; };
		B4794AA71BA6751500B5E9DC /* ObjectManager.h */ = {isa = PBXFileReference; fileEncoding = 4; lastKnownFileType = sourcecode.c.h; path = ObjectManager.h; sourceTree = "<group>"; };
		B4794AA81BA6751500B5E9DC /* OBJLoader.h */ = {isa = PBXFileReference; fileEncoding = 4; lastKnownFileType = sourcecode.c.h; path = OBJLoader.h; sourceTree = "<group>"; };
		B4794AA91BA6751500B5E9DC /* OSdetect.h */ = {isa = PBXFileReference; fileEncoding = 4; lastKnownFileType = sourcecode.c.h; path = OSdetect.h; sourceTree = "<group>"; };
		B4794AAA1BA6751500B5E9DC /* Properties.h */ = {isa = PBXFileReference; fileEncoding = 4; lastKnownFileType = sourcecode.c.h; path = Properties.h; sourceTree = "<group>"; };
		B4794AAB1BA6751500B5E9DC /* Renderer.h */ = {isa = PBXFileReference; fileEncoding = 4; lastKnownFileType = sourcecode.c.h; path = Renderer.h; sourceTree = "<group>"; };
		B4794AAC1BA6751500B5E9DC /* Renderer_GL.h */ = {isa = PBXFileReference; fileEncoding = 4; lastKnownFileType = sourcecode.c.h; path = Renderer_GL.h; sourceTree = "<group>"; };
		B4794AAD1BA6751500B5E9DC /* RenderQueue.h */ = {isa = PBXFileReference; fileEncoding = 4; lastKnownFileType = sourcecode.c.h; path = RenderQueue.h; sourceTree = "<group>"; };
		B4794AAE1BA6751500B5E9DC /* Shader.h */ = {isa = PBXFileReference; fileEncoding = 4; lastKnownFileType = sourcecode.c.h; path = Shader.h; sourceTree = "<group>"; };
		B4794AAF1BA6751500B5E9DC /* ShaderDataFile.h */ = {isa = PBXFileReference; fileEncoding = 4; lastKnownFileType = sourcecode.c.h; path = ShaderDataFile.h; sourceTree = "<group>"; };
		B4794AB01BA6751500B5E9DC /* ShaderDataGenerator.h */ = {isa = PBXFileReference; fileEncoding = 4; lastKnownFileType = sourcecode.c.h; path = ShaderDataGenerator.h; sourceTree = "<group>"; };
		B4794AB11BA6751500B5E9DC /* ShaderSource.h */ = {isa = PBXFileReference; fileEncoding = 4; lastKnownFileType = sourcecode.c.h; path = ShaderSource.h; sourceTree = "<group>"; };
		B4794AB21BA6751500B5E9DC /* Sprite.h */ = {isa = PBXFileReference; fileEncoding = 4; lastKnownFileType = sourcecode.c.h; path = Sprite.h; sourceTree = "<group>"; };
		B4794AB31BA6751500B5E9DC /* TextSprite.h */ = {isa = PBXFileReference; fileEncoding = 4; lastKnownFileType = sourcecode.c.h; path = TextSprite.h; sourceTree = "<group>"; };
		B4794AB41BA6751500B5E9DC /* Texture.h */ = {isa = PBXFileReference; fileEncoding = 4; lastKnownFileType = sourcecode.c.h; path = Texture.h; sourceTree = "<group>"; };
		B4794AB51BA6751500B5E9DC /* TextureData.h */ = {isa = PBXFileReference; fileEncoding = 4; lastKnownFileType = sourcecode.c.h; path = TextureData.h; sourceTree = "<group>"; };
		B4794AB61BA6751500B5E9DC /* Touch.h */ = {isa = PBXFileReference; fileEncoding = 4; lastKnownFileType = sourcecode.c.h; path = Touch.h; sourceTree = "<group>"; };
		B4794AB71BA6751500B5E9DC /* View.h */ = {isa = PBXFileReference; fileEncoding = 4; lastKnownFileType = sourcecode.c.h; path = View.h; sourceTree = "<group>"; };
		B4794AB91BA6751500B5E9DC /* Camera.cpp */ = {isa = PBXFileReference; fileEncoding = 4; lastKnownFileType = sourcecode.cpp.cpp; path = Camera.cpp; sourceTree = "<group>"; };
		B4794ABA1BA6751500B5E9DC /* Configuration.cpp */ = {isa = PBXFileReference; fileEncoding = 4; lastKnownFileType = sourcecode.cpp.cpp; path = Configuration.cpp; sourceTree = "<group>"; };
		B4794ABB1BA6751500B5E9DC /* CubeMap.cpp */ = {isa = PBXFileReference; fileEncoding = 4; lastKnownFileType = sourcecode.cpp.cpp; path = CubeMap.cpp; sourceTree = "<group>"; };
		B4794ABC1BA6751500B5E9DC /* DepthMap.cpp */ = {isa = PBXFileReference; fileEncoding = 4; lastKnownFileType = sourcecode.cpp.cpp; path = DepthMap.cpp; sourceTree = "<group>"; };
		B4794ABD1BA6751500B5E9DC /* Font.cpp */ = {isa = PBXFileReference; fileEncoding = 4; lastKnownFileType = sourcecode.cpp.cpp; path = Font.cpp; sourceTree = "<group>"; };
		B4794ABE1BA6751500B5E9DC /* Framebuffer.cpp */ = {isa = PBXFileReference; fileEncoding = 4; lastKnownFileType = sourcecode.cpp.cpp; path = Framebuffer.cpp; sourceTree = "<group>"; };
		B4794ABF1BA6751500B5E9DC /* Geometry.cpp */ = {isa = PBXFileReference; fileEncoding = 4; lastKnownFileType = sourcecode.cpp.cpp; path = Geometry.cpp; sourceTree = "<group>"; };
		B4794AC01BA6751500B5E9DC /* Logger.cpp */ = {isa = PBXFileReference; fileEncoding = 4; lastKnownFileType = sourcecode.cpp.cpp; path = Logger.cpp; sourceTree = "<group>"; };
		B4794AC11BA6751500B5E9DC /* Material.cpp */ = {isa = PBXFileReference; fileEncoding = 4; lastKnownFileType = sourcecode.cpp.cpp; path = Material.cpp; sourceTree = "<group>"; };
		B4794AC21BA6751500B5E9DC /* MatrixStack.cpp */ = {isa = PBXFileReference; fileEncoding = 4; lastKnownFileType = sourcecode.cpp.cpp; path = MatrixStack.cpp; sourceTree = "<group>"; };
		B4794AC31BA6751500B5E9DC /* Model.cpp */ = {isa = PBXFileReference; fileEncoding = 4; lastKnownFileType = sourcecode.cpp.cpp; path = Model.cpp; sourceTree = "<group>"; };
		B4794AC41BA6751500B5E9DC /* ModelData.cpp */ = {isa = PBXFileReference; fileEncoding = 4; lastKnownFileType = sourcecode.cpp.cpp; path = ModelData.cpp; sourceTree = "<group>"; };
		B4794AC51BA6751500B5E9DC /* ModelRenderer.cpp */ = {isa = PBXFileReference; fileEncoding = 4; lastKnownFileType = sourcecode.cpp.cpp; path = ModelRenderer.cpp; sourceTree = "<group>"; };
		B4794AC61BA6751500B5E9DC /* ObjectManager.cpp */ = {isa = PBXFileReference; fileEncoding = 4; lastKnownFileType = sourcecode.cpp.cpp; path = ObjectManager.cpp; sourceTree = "<group>"; };
		B4794AC71BA6751500B5E9DC /* OBJLoader.cpp */ = {isa = PBXFileReference; fileEncoding = 4; lastKnownFileType = sourcecode.cpp.cpp; path = OBJLoader.cpp; sourceTree = "<group>"; };
		B4794AC81BA6751500B5E9DC /* Renderer.cpp */ = {isa = PBXFileReference; fileEncoding = 4; lastKnownFileType = sourcecode.cpp.cpp; path = Renderer.cpp; sourceTree = "<group>"; };
		B4794AC91BA6751500B5E9DC /* RenderQueue.cpp */ = {isa = PBXFileReference; fileEncoding = 4; lastKnownFileType = sourcecode.cpp.cpp; path = RenderQueue.cpp; sourceTree = "<group>"; };
		B4794ACA1BA6751500B5E9DC /* Shader.cpp */ = {isa = PBXFileReference; fileEncoding = 4; lastKnownFileType = sourcecode.cpp.cpp; path = Shader.cpp; sourceTree = "<group>"; };
		B4794ACB1BA6751500B5E9DC /* ShaderDataFile.cpp */ = {isa = PBXFileReference; fileEncoding = 4; lastKnownFileType = sourcecode.cpp.cpp; path = ShaderDataFile.cpp; sourceTree = "<group>"; };
		B4794ACC1BA6751500B5E9DC /* ShaderDataGenerator.cpp */ = {isa = PBXFileReference; fileEncoding = 4; lastKnownFileType = sourcecode.cpp.cpp; path = ShaderDataGenerator.cpp; sourceTree = "<group>"; };
		B4794ACD1BA6751500B5E9DC /* ShaderSource.cpp */ = {isa = PBXFileReference; fileEncoding = 4; lastKnownFileType = sourcecode.cpp.cpp; path = ShaderSource.cpp; sourceTree = "<group>"; };
		B4794ACE1BA6751500B5E9DC /* Sprite.cpp */ = {isa = PBXFileReference; fileEncoding = 4; lastKnownFileType = sourcecode.cpp.cpp; path = Sprite.cpp; sourceTree = "<group>"; };
		B4794ACF1BA6751500B5E9DC /* TextSprite.cpp */ = {isa = PBXFileReference; fileEncoding = 4; lastKnownFileType = sourcecode.cpp.cpp; path = TextSprite.cpp; sourceTree = "<group>"; };
		B4794AD01BA6751500B5E9DC /* Texture.cpp */ = {isa = PBXFileReference; fileEncoding = 4; lastKnownFileType = sourcecode.cpp.cpp; path = Texture.cpp; sourceTree = "<group>"; };
		B4794AD11BA6751500B5E9DC /* TextureData.cpp */ = {isa = PBXFileReference; fileEncoding = 4; lastKnownFileType = sourcecode.cpp.cpp; path = TextureData.cpp; sourceTree = "<group>"; };
		B4794AD41BA6751500B5E9DC /* FileHandler_desktop.cpp */ = {isa = PBXFileReference; fileEncoding = 4; lastKnownFileType = sourcecode.cpp.cpp; path = FileHandler_desktop.cpp; sourceTree = "<group>"; };
		B4794AD51BA6751500B5E9DC /* Input_desktop.cpp */ = {isa = PBXFileReference; fileEncoding = 4; lastKnownFileType = sourcecode.cpp.cpp; path = Input_desktop.cpp; sourceTree = "<group>"; };
		B4794AD61BA6751500B5E9DC /* Renderer_desktop.cpp */ = {isa = PBXFileReference; fileEncoding = 4; lastKnownFileType = sourcecode.cpp.cpp; path = Renderer_desktop.cpp; sourceTree = "<group>"; };
		B4794AD71BA6751500B5E9DC /* TextureData_desktop.cpp */ = {isa = PBXFileReference; fileEncoding = 4; lastKnownFileType = sourcecode.cpp.cpp; path = TextureData_desktop.cpp; sourceTree = "<group>"; };
		B4794AD81BA6751500B5E9DC /* View_desktop.cpp */ = {isa = PBXFileReference; fileEncoding = 4; lastKnownFileType = sourcecode.cpp.cpp; path = View_desktop.cpp; sourceTree = "<group>"; };
		B4794ADA1BA6751500B5E9DC /* BView.h */ = {isa = PBXFileReference; fileEncoding = 4; lastKnownFileType = sourcecode.c.h; path = BView.h; sourceTree = "<group>"; };
		B4794ADB1BA6751500B5E9DC /* BView.mm */ = {isa = PBXFileReference; fileEncoding = 4; lastKnownFileType = sourcecode.cpp.objcpp; path = BView.mm; sourceTree = "<group>"; };
		B4794ADC1BA6751500B5E9DC /* FileHandler_ios.mm */ = {isa = PBXFileReference; fileEncoding = 4; lastKnownFileType = sourcecode.cpp.objcpp; path = FileHandler_ios.mm; sourceTree = "<group>"; };
		B4794ADD1BA6751500B5E9DC /* Input_ios.mm */ = {isa = PBXFileReference; fileEncoding = 4; lastKnownFileType = sourcecode.cpp.objcpp; path = Input_ios.mm; sourceTree = "<group>"; };
		B4794ADE1BA6751500B5E9DC /* Renderer_ios.mm */ = {isa = PBXFileReference; fileEncoding = 4; lastKnownFileType = sourcecode.cpp.objcpp; path = Renderer_ios.mm; sourceTree = "<group>"; };
		B4794ADF1BA6751500B5E9DC /* TextureData_ios.mm */ = {isa = PBXFileReference; fileEncoding = 4; lastKnownFileType = sourcecode.cpp.objcpp; path = TextureData_ios.mm; sourceTree = "<group>"; };
		B4794AE01BA6751500B5E9DC /* View_ios.mm */ = {isa = PBXFileReference; fileEncoding = 4; lastKnownFileType = sourcecode.cpp.objcpp; path = View_ios.mm; sourceTree = "<group>"; };
		B4D222621B961EB800D55C29 /* bRenderer_osx */ = {isa = PBXFileReference; explicitFileType = "compiled.mach-o.executable"; includeInIndex = 0; path = bRenderer_osx; sourceTree = BUILT_PRODUCTS_DIR; };
		B4D222CB1B9621F900D55C29 /* main.cpp */ = {isa = PBXFileReference; fileEncoding = 4; lastKnownFileType = sourcecode.cpp.cpp; name = main.cpp; path = project/osx/main.cpp; sourceTree = SOURCE_ROOT; };
/* End PBXFileReference section */

/* Begin PBXFrameworksBuildPhase section */
		B485F9941B961D500051C6DB /* Frameworks */ = {
			isa = PBXFrameworksBuildPhase;
			buildActionMask = 2147483647;
			files = (
				B462ED4F1B96535F00D6FCD5 /* libGLEW.1.13.0.dylib in Frameworks */,
				B462ECB81B964C9900D6FCD5 /* libglfw.3.1.dylib in Frameworks */,
				B462ECB61B9648C000D6FCD5 /* OpenGL.framework in Frameworks */,
				B462ECB21B96486B00D6FCD5 /* libfreeimage.a in Frameworks */,
			);
			runOnlyForDeploymentPostprocessing = 0;
		};
/* End PBXFrameworksBuildPhase section */

/* Begin PBXGroup section */
		B40E99C61B9640670073A852 /* externalLibraries */ = {
			isa = PBXGroup;
			children = (
				B462ED4E1B96535F00D6FCD5 /* libGLEW.1.13.0.dylib */,
				B462ECB71B964C9900D6FCD5 /* libglfw.3.1.dylib */,
				B462ECB51B9648C000D6FCD5 /* OpenGL.framework */,
				B462ECB11B96486B00D6FCD5 /* libfreeimage.a */,
				B40E99C71B9640820073A852 /* freetype-2.6 */,
			);
			name = externalLibraries;
			sourceTree = "<group>";
		};
		B40E99C71B9640820073A852 /* freetype-2.6 */ = {
			isa = PBXGroup;
			children = (
				B462EC631B9641C700D6FCD5 /* autofit.c */,
				B462EC651B9641FD00D6FCD5 /* bdf.c */,
				B462EC671B96421000D6FCD5 /* cff.c */,
				B462EC691B96421E00D6FCD5 /* ftbase.c */,
				B462EC6B1B96422A00D6FCD5 /* ftbitmap.c */,
				B462EC6D1B96423700D6FCD5 /* ftcache.c */,
				B462EC6F1B96424400D6FCD5 /* ftdebug.c */,
				B462EC711B96425100D6FCD5 /* ftfstype.c */,
				B462EC731B96426100D6FCD5 /* ftgasp.c */,
				B462EC751B96426F00D6FCD5 /* ftglyph.c */,
				B462EC771B96428100D6FCD5 /* ftgzip.c */,
				B462EC791B96428C00D6FCD5 /* ftinit.c */,
				B462EC7B1B96429700D6FCD5 /* ftlzw.c */,
				B462EC7D1B9642A500D6FCD5 /* ftstroke.c */,
				B462EC7F1B9642B300D6FCD5 /* ftsystem.c */,
				B462EC811B9642C000D6FCD5 /* smooth.c */,
				B462EC621B96419400D6FCD5 /* FT_MODULES */,
			);
			name = "freetype-2.6";
			sourceTree = "<group>";
		};
		B441868E1BA3311100604D7F /* headers */ = {
			isa = PBXGroup;
			children = (
				B441868F1BA3311100604D7F /* RenderProject.h */,
			);
			name = headers;
			sourceTree = "<group>";
		};
		B44186901BA3311100604D7F /* implementation */ = {
			isa = PBXGroup;
			children = (
				B44186911BA3311100604D7F /* RenderProject.cpp */,
			);
			name = implementation;
			path = project/implementation;
			sourceTree = SOURCE_ROOT;
		};
		B462EC621B96419400D6FCD5 /* FT_MODULES */ = {
			isa = PBXGroup;
			children = (
				B462ECAF1B96441A00D6FCD5 /* winfnt.c */,
				B462ECAD1B96440C00D6FCD5 /* type42.c */,
				B462ECAB1B9643FE00D6FCD5 /* type1cid.c */,
				B462ECA91B9643F100D6FCD5 /* type1.c */,
				B462ECA71B9643E400D6FCD5 /* truetype.c */,
				B462ECA51B9643D600D6FCD5 /* sfnt.c */,
				B462ECA31B9643C600D6FCD5 /* raster.c */,
				B462ECA11B9643BA00D6FCD5 /* psmodule.c */,
				B462EC9F1B9643AD00D6FCD5 /* pshinter.c */,
				B462EC9D1B9643A300D6FCD5 /* psaux.c */,
				B462EC9B1B96439400D6FCD5 /* pfr.c */,
				B462EC991B96438900D6FCD5 /* pcf.c */,
				B462EC971B96437C00D6FCD5 /* ftwinfnt.c */,
				B462EC951B96437200D6FCD5 /* fttype1.c */,
				B462EC931B96436700D6FCD5 /* ftsynth.c */,
				B462EC911B96435B00D6FCD5 /* ftpfr.c */,
				B462EC8F1B96435000D6FCD5 /* ftpatent.c */,
				B462EC8D1B96434500D6FCD5 /* ftotval.c */,
				B462EC8B1B96433500D6FCD5 /* ftmm.c */,
				B462EC891B96432B00D6FCD5 /* ftlcdfil.c */,
				B462EC871B96431F00D6FCD5 /* ftgxval.c */,
				B462EC851B96431100D6FCD5 /* ftfntfmt.c */,
				B462EC831B96430300D6FCD5 /* ftbbox.c */,
			);
			name = FT_MODULES;
			sourceTree = "<group>";
		};
		B4794A581BA6750800B5E9DC /* data */ = {
			isa = PBXGroup;
			children = (
				B4794A591BA6750800B5E9DC /* arial.ttf */,
				B4794A5A1BA6750800B5E9DC /* basicTitle_light.png */,
				B4794A5B1BA6750800B5E9DC /* blurShader.frag */,
				B4794A5C1BA6750800B5E9DC /* blurShader.vert */,
				B4794A5D1BA6750800B5E9DC /* cave.mtl */,
				B4794A5E1BA6750800B5E9DC /* cave.obj */,
				B4794A5F1BA6750800B5E9DC /* cave_d.png */,
				B4794A601BA6750800B5E9DC /* cave_n.png */,
				B4794A611BA6750800B5E9DC /* cave_stream.frag */,
				B4794A621BA6750800B5E9DC /* cave_stream.mtl */,
				B4794A631BA6750800B5E9DC /* cave_stream.obj */,
				B4794A641BA6750800B5E9DC /* cave_stream.vert */,
				B4794A651BA6750800B5E9DC /* cave_stream_n.png */,
				B4794A661BA6750800B5E9DC /* config.json */,
				B4794A671BA6750800B5E9DC /* crystal.mtl */,
				B4794A681BA6750800B5E9DC /* crystal.obj */,
				B4794A691BA6750800B5E9DC /* crystal_d.png */,
				B4794A6A1BA6750800B5E9DC /* crystal_n.png */,
				B4794A6B1BA6750800B5E9DC /* crystal_s.png */,
				B4794A6C1BA6750800B5E9DC /* flame.frag */,
				B4794A6D1BA6750800B5E9DC /* flame.mtl */,
				B4794A6E1BA6750800B5E9DC /* flame.obj */,
				B4794A6F1BA6750800B5E9DC /* flame.png */,
				B4794A701BA6750800B5E9DC /* flame.vert */,
				B4794A711BA6750800B5E9DC /* KozGoPro-ExtraLight.otf */,
				B4794A721BA6750800B5E9DC /* sparks.png */,
				B4794A731BA6750800B5E9DC /* torch.mtl */,
				B4794A741BA6750800B5E9DC /* torch.obj */,
				B4794A751BA6750800B5E9DC /* torchSurface_Color.png */,
			);
			name = data;
			path = project/data;
			sourceTree = SOURCE_ROOT;
		};
		B4794A761BA6751500B5E9DC /* bRenderer */ = {
			isa = PBXGroup;
			children = (
				B4794A771BA6751500B5E9DC /* bRenderer.h */,
				B4794A781BA6751500B5E9DC /* external */,
				B4794A911BA6751500B5E9DC /* headers */,
				B4794AB81BA6751500B5E9DC /* implementation */,
				B4794AD21BA6751500B5E9DC /* os_specific */,
			);
			path = bRenderer;
			sourceTree = "<group>";
		};
		B4794A781BA6751500B5E9DC /* external */ = {
			isa = PBXGroup;
			children = (
				B4794A791BA6751500B5E9DC /* freetype-gl */,
				B4794A861BA6751500B5E9DC /* jsoncpp */,
				B4794A8B1BA6751500B5E9DC /* obj_parser */,
			);
			path = external;
			sourceTree = "<group>";
		};
		B4794A791BA6751500B5E9DC /* freetype-gl */ = {
			isa = PBXGroup;
			children = (
				B4794A7A1BA6751500B5E9DC /* freetype-gl.h */,
				B4794A7B1BA6751500B5E9DC /* LICENSE.txt */,
				B4794A7C1BA6751500B5E9DC /* opengl.h */,
				B4794A7D1BA6751500B5E9DC /* platform.c */,
				B4794A7E1BA6751500B5E9DC /* platform.h */,
				B4794A7F1BA6751500B5E9DC /* texture-atlas.c */,
				B4794A801BA6751500B5E9DC /* texture-atlas.h */,
				B4794A811BA6751500B5E9DC /* texture-font.c */,
				B4794A821BA6751500B5E9DC /* texture-font.h */,
				B4794A831BA6751500B5E9DC /* vec234.h */,
				B4794A841BA6751500B5E9DC /* vector.c */,
				B4794A851BA6751500B5E9DC /* vector.h */,
			);
			path = "freetype-gl";
			sourceTree = "<group>";
		};
		B4794A861BA6751500B5E9DC /* jsoncpp */ = {
			isa = PBXGroup;
			children = (
				B4794A871BA6751500B5E9DC /* json-forwards.h */,
				B4794A881BA6751500B5E9DC /* json.h */,
				B4794A891BA6751500B5E9DC /* jsoncpp.cpp */,
				B4794A8A1BA6751500B5E9DC /* LICENSE.txt */,
			);
			path = jsoncpp;
			sourceTree = "<group>";
		};
		B4794A8B1BA6751500B5E9DC /* obj_parser */ = {
			isa = PBXGroup;
			children = (
				B4794A8C1BA6751500B5E9DC /* LICENSE.txt */,
				B4794A8D1BA6751500B5E9DC /* obj.cpp */,
				B4794A8E1BA6751500B5E9DC /* obj.hpp */,
				B4794A8F1BA6751500B5E9DC /* obj_parser.cpp */,
				B4794A901BA6751500B5E9DC /* obj_parser.hpp */,
			);
			path = obj_parser;
			sourceTree = "<group>";
		};
		B4794A911BA6751500B5E9DC /* headers */ = {
			isa = PBXGroup;
			children = (
				B4794A921BA6751500B5E9DC /* Camera.h */,
				B4794A931BA6751500B5E9DC /* Configuration.h */,
				B4794A941BA6751500B5E9DC /* CubeMap.h */,
				B4794A951BA6751500B5E9DC /* DepthMap.h */,
				B4794A961BA6751500B5E9DC /* FileHandler.h */,
				B4794A971BA6751500B5E9DC /* Font.h */,
				B4794A981BA6751500B5E9DC /* Framebuffer.h */,
				B4794A991BA6751500B5E9DC /* Geometry.h */,
				B4794A9A1BA6751500B5E9DC /* GeometryData.h */,
				B4794A9B1BA6751500B5E9DC /* IDrawable.h */,
				B4794A9C1BA6751500B5E9DC /* Input.h */,
				B4794A9D1BA6751500B5E9DC /* IRenderProject.h */,
				B4794A9E1BA6751500B5E9DC /* IShaderData.h */,
				B4794A9F1BA6751500B5E9DC /* Light.h */,
				B4794AA01BA6751500B5E9DC /* Logger.h */,
				B4794AA11BA6751500B5E9DC /* Material.h */,
				B4794AA21BA6751500B5E9DC /* MaterialData.h */,
				B4794AA31BA6751500B5E9DC /* MatrixStack.h */,
				B4794AA41BA6751500B5E9DC /* Model.h */,
				B4794AA51BA6751500B5E9DC /* ModelData.h */,
				B4794AA61BA6751500B5E9DC /* ModelRenderer.h */,
				B4794AA71BA6751500B5E9DC /* ObjectManager.h */,
				B4794AA81BA6751500B5E9DC /* OBJLoader.h */,
				B4794AA91BA6751500B5E9DC /* OSdetect.h */,
				B4794AAA1BA6751500B5E9DC /* Properties.h */,
				B4794AAB1BA6751500B5E9DC /* Renderer.h */,
				B4794AAC1BA6751500B5E9DC /* Renderer_GL.h */,
				B4794AAD1BA6751500B5E9DC /* RenderQueue.h */,
				B4794AAE1BA6751500B5E9DC /* Shader.h */,
				B4794AAF1BA6751500B5E9DC /* ShaderDataFile.h */,
				B4794AB01BA6751500B5E9DC /* ShaderDataGenerator.h */,
				B4794AB11BA6751500B5E9DC /* ShaderSource.h */,
				B4794AB21BA6751500B5E9DC /* Sprite.h */,
				B4794AB31BA6751500B5E9DC /* TextSprite.h */,
				B4794AB41BA6751500B5E9DC /* Texture.h */,
				B4794AB51BA6751500B5E9DC /* TextureData.h */,
				B4794AB61BA6751500B5E9DC /* Touch.h */,
				B4794AB71BA6751500B5E9DC /* View.h */,
			);
			path = headers;
			sourceTree = "<group>";
		};
		B4794AB81BA6751500B5E9DC /* implementation */ = {
			isa = PBXGroup;
			children = (
				B4794AB91BA6751500B5E9DC /* Camera.cpp */,
				B4794ABA1BA6751500B5E9DC /* Configuration.cpp */,
				B4794ABB1BA6751500B5E9DC /* CubeMap.cpp */,
				B4794ABC1BA6751500B5E9DC /* DepthMap.cpp */,
				B4794ABD1BA6751500B5E9DC /* Font.cpp */,
				B4794ABE1BA6751500B5E9DC /* Framebuffer.cpp */,
				B4794ABF1BA6751500B5E9DC /* Geometry.cpp */,
				B4794AC01BA6751500B5E9DC /* Logger.cpp */,
				B4794AC11BA6751500B5E9DC /* Material.cpp */,
				B4794AC21BA6751500B5E9DC /* MatrixStack.cpp */,
				B4794AC31BA6751500B5E9DC /* Model.cpp */,
				B4794AC41BA6751500B5E9DC /* ModelData.cpp */,
				B4794AC51BA6751500B5E9DC /* ModelRenderer.cpp */,
				B4794AC61BA6751500B5E9DC /* ObjectManager.cpp */,
				B4794AC71BA6751500B5E9DC /* OBJLoader.cpp */,
				B4794AC81BA6751500B5E9DC /* Renderer.cpp */,
				B4794AC91BA6751500B5E9DC /* RenderQueue.cpp */,
				B4794ACA1BA6751500B5E9DC /* Shader.cpp */,
				B4794ACB1BA6751500B5E9DC /* ShaderDataFile.cpp */,
				B4794ACC1BA6751500B5E9DC /* ShaderDataGenerator.cpp */,
				B4794ACD1BA6751500B5E9DC /* ShaderSource.cpp */,
				B4794ACE1BA6751500B5E9DC /* Sprite.cpp */,
				B4794ACF1BA6751500B5E9DC /* TextSprite.cpp */,
				B4794AD01BA6751500B5E9DC /* Texture.cpp */,
				B4794AD11BA6751500B5E9DC /* TextureData.cpp */,
			);
			path = implementation;
			sourceTree = "<group>";
		};
		B4794AD21BA6751500B5E9DC /* os_specific */ = {
			isa = PBXGroup;
			children = (
				B4794AD31BA6751500B5E9DC /* desktop */,
				B4794AD91BA6751500B5E9DC /* ios */,
			);
			path = os_specific;
			sourceTree = "<group>";
		};
		B4794AD31BA6751500B5E9DC /* desktop */ = {
			isa = PBXGroup;
			children = (
				B4794AD41BA6751500B5E9DC /* FileHandler_desktop.cpp */,
				B4794AD51BA6751500B5E9DC /* Input_desktop.cpp */,
				B4794AD61BA6751500B5E9DC /* Renderer_desktop.cpp */,
				B4794AD71BA6751500B5E9DC /* TextureData_desktop.cpp */,
				B4794AD81BA6751500B5E9DC /* View_desktop.cpp */,
			);
			path = desktop;
			sourceTree = "<group>";
		};
		B4794AD91BA6751500B5E9DC /* ios */ = {
			isa = PBXGroup;
			children = (
				B4794ADA1BA6751500B5E9DC /* BView.h */,
				B4794ADB1BA6751500B5E9DC /* BView.mm */,
				B4794ADC1BA6751500B5E9DC /* FileHandler_ios.mm */,
				B4794ADD1BA6751500B5E9DC /* Input_ios.mm */,
				B4794ADE1BA6751500B5E9DC /* Renderer_ios.mm */,
				B4794ADF1BA6751500B5E9DC /* TextureData_ios.mm */,
				B4794AE01BA6751500B5E9DC /* View_ios.mm */,
			);
			path = ios;
			sourceTree = "<group>";
		};
		B485F98E1B961D500051C6DB = {
			isa = PBXGroup;
			children = (
				B4794A761BA6751500B5E9DC /* bRenderer */,
				B4AD0A9C1B961E5500CA7F01 /* project */,
				B4D222621B961EB800D55C29 /* bRenderer_osx */,
				B40E99C61B9640670073A852 /* externalLibraries */,
			);
			sourceTree = "<group>";
		};
		B4AD0A9C1B961E5500CA7F01 /* project */ = {
			isa = PBXGroup;
			children = (
				B4794A581BA6750800B5E9DC /* data */,
				B441868E1BA3311100604D7F /* headers */,
				B44186901BA3311100604D7F /* implementation */,
				B4D222CB1B9621F900D55C29 /* main.cpp */,
			);
			name = project;
			path = project/headers;
			sourceTree = "<group>";
		};
/* End PBXGroup section */

/* Begin PBXNativeTarget section */
		B485F9961B961D500051C6DB /* bRenderer_osx */ = {
			isa = PBXNativeTarget;
			buildConfigurationList = B485F99E1B961D500051C6DB /* Build configuration list for PBXNativeTarget "bRenderer_osx" */;
			buildPhases = (
				B485F9931B961D500051C6DB /* Sources */,
				B485F9941B961D500051C6DB /* Frameworks */,
				B485F9951B961D500051C6DB /* CopyFiles */,
			);
			buildRules = (
			);
			dependencies = (
			);
			name = bRenderer_osx;
			productName = bRenderer_osx;
			productReference = B4D222621B961EB800D55C29 /* bRenderer_osx */;
			productType = "com.apple.product-type.tool";
		};
/* End PBXNativeTarget section */

/* Begin PBXProject section */
		B485F98F1B961D500051C6DB /* Project object */ = {
			isa = PBXProject;
			attributes = {
				LastUpgradeCheck = 0640;
				ORGANIZATIONNAME = "b-dimension.com";
				TargetAttributes = {
					B485F9961B961D500051C6DB = {
						CreatedOnToolsVersion = 6.4;
					};
				};
			};
			buildConfigurationList = B485F9921B961D500051C6DB /* Build configuration list for PBXProject "bRenderer_osx" */;
			compatibilityVersion = "Xcode 3.2";
			developmentRegion = English;
			hasScannedForEncodings = 0;
			knownRegions = (
				en,
			);
			mainGroup = B485F98E1B961D500051C6DB;
			productRefGroup = B485F98E1B961D500051C6DB;
			projectDirPath = "";
			projectRoot = "";
			targets = (
				B485F9961B961D500051C6DB /* bRenderer_osx */,
			);
		};
/* End PBXProject section */

/* Begin PBXSourcesBuildPhase section */
		B485F9931B961D500051C6DB /* Sources */ = {
			isa = PBXSourcesBuildPhase;
			buildActionMask = 2147483647;
			files = (
				B462EC9C1B96439400D6FCD5 /* pfr.c in Sources */,
				B462ECAE1B96440C00D6FCD5 /* type42.c in Sources */,
				B4794B041BA6751500B5E9DC /* TextureData_desktop.cpp in Sources */,
				B4794AE21BA6751500B5E9DC /* texture-atlas.c in Sources */,
				B462ECA21B9643BA00D6FCD5 /* psmodule.c in Sources */,
				B462EC661B9641FD00D6FCD5 /* bdf.c in Sources */,
				B4794AF21BA6751500B5E9DC /* Model.cpp in Sources */,
				B4794AE51BA6751500B5E9DC /* jsoncpp.cpp in Sources */,
				B4794AE71BA6751500B5E9DC /* obj_parser.cpp in Sources */,
				B462EC7E1B9642A500D6FCD5 /* ftstroke.c in Sources */,
				B462EC841B96430300D6FCD5 /* ftbbox.c in Sources */,
				B462EC7C1B96429700D6FCD5 /* ftlzw.c in Sources */,
				B4794AE41BA6751500B5E9DC /* vector.c in Sources */,
				B4794AFD1BA6751500B5E9DC /* Sprite.cpp in Sources */,
				B4794AE31BA6751500B5E9DC /* texture-font.c in Sources */,
				B44186921BA3311100604D7F /* RenderProject.cpp in Sources */,
				B462EC9A1B96438900D6FCD5 /* pcf.c in Sources */,
				B4794AFC1BA6751500B5E9DC /* ShaderSource.cpp in Sources */,
				B4794B031BA6751500B5E9DC /* Renderer_desktop.cpp in Sources */,
				B462EC781B96428100D6FCD5 /* ftgzip.c in Sources */,
				B462EC921B96435B00D6FCD5 /* ftpfr.c in Sources */,
				B4794AE81BA6751500B5E9DC /* Camera.cpp in Sources */,
				B4794AEA1BA6751500B5E9DC /* CubeMap.cpp in Sources */,
				B4794AFF1BA6751500B5E9DC /* Texture.cpp in Sources */,
				B4794B0B1BA6751500B5E9DC /* View_ios.mm in Sources */,
				B462ECA01B9643AD00D6FCD5 /* pshinter.c in Sources */,
				B4794AED1BA6751500B5E9DC /* Framebuffer.cpp in Sources */,
				B462ECAA1B9643F100D6FCD5 /* type1.c in Sources */,
				B462EC8E1B96434500D6FCD5 /* ftotval.c in Sources */,
				B462EC761B96426F00D6FCD5 /* ftglyph.c in Sources */,
				B462EC681B96421000D6FCD5 /* cff.c in Sources */,
				B4794AF41BA6751500B5E9DC /* ModelRenderer.cpp in Sources */,
				B462EC641B9641C700D6FCD5 /* autofit.c in Sources */,
				B4794AF61BA6751500B5E9DC /* OBJLoader.cpp in Sources */,
				B462EC701B96424400D6FCD5 /* ftdebug.c in Sources */,
				B462EC6A1B96421E00D6FCD5 /* ftbase.c in Sources */,
				B4794B021BA6751500B5E9DC /* Input_desktop.cpp in Sources */,
				B4794B091BA6751500B5E9DC /* Renderer_ios.mm in Sources */,
				B4794AEE1BA6751500B5E9DC /* Geometry.cpp in Sources */,
				B4794AF31BA6751500B5E9DC /* ModelData.cpp in Sources */,
				B462EC6E1B96423700D6FCD5 /* ftcache.c in Sources */,
				B4794B051BA6751500B5E9DC /* View_desktop.cpp in Sources */,
				B4794B061BA6751500B5E9DC /* BView.mm in Sources */,
				B4794AF51BA6751500B5E9DC /* ObjectManager.cpp in Sources */,
				B462ECA81B9643E400D6FCD5 /* truetype.c in Sources */,
				B462EC801B9642B300D6FCD5 /* ftsystem.c in Sources */,
				B462EC8A1B96432B00D6FCD5 /* ftlcdfil.c in Sources */,
				B462EC741B96426100D6FCD5 /* ftgasp.c in Sources */,
				B4794AE61BA6751500B5E9DC /* obj.cpp in Sources */,
				B462ECB01B96441A00D6FCD5 /* winfnt.c in Sources */,
				B4794AF91BA6751500B5E9DC /* Shader.cpp in Sources */,
				B462EC9E1B9643A300D6FCD5 /* psaux.c in Sources */,
				B4794AE11BA6751500B5E9DC /* platform.c in Sources */,
				B462EC6C1B96422A00D6FCD5 /* ftbitmap.c in Sources */,
				B4794AF01BA6751500B5E9DC /* Material.cpp in Sources */,
				B4794B081BA6751500B5E9DC /* Input_ios.mm in Sources */,
				B4794AEB1BA6751500B5E9DC /* DepthMap.cpp in Sources */,
				B462EC8C1B96433500D6FCD5 /* ftmm.c in Sources */,
				B462EC901B96435000D6FCD5 /* ftpatent.c in Sources */,
				B462EC981B96437C00D6FCD5 /* ftwinfnt.c in Sources */,
				B4794AF11BA6751500B5E9DC /* MatrixStack.cpp in Sources */,
				B462EC881B96431F00D6FCD5 /* ftgxval.c in Sources */,
				B4794AEF1BA6751500B5E9DC /* Logger.cpp in Sources */,
				B462ECA41B9643C600D6FCD5 /* raster.c in Sources */,
				B4794AF71BA6751500B5E9DC /* Renderer.cpp in Sources */,
				B462EC861B96431100D6FCD5 /* ftfntfmt.c in Sources */,
				B4794AFE1BA6751500B5E9DC /* TextSprite.cpp in Sources */,
				B4D222CC1B9621F900D55C29 /* main.cpp in Sources */,
				B4794B0A1BA6751500B5E9DC /* TextureData_ios.mm in Sources */,
				B4794AFB1BA6751500B5E9DC /* ShaderDataGenerator.cpp in Sources */,
				B4794B071BA6751500B5E9DC /* FileHandler_ios.mm in Sources */,
				B4794AE91BA6751500B5E9DC /* Configuration.cpp in Sources */,
				B4794B001BA6751500B5E9DC /* TextureData.cpp in Sources */,
				B462EC821B9642C000D6FCD5 /* smooth.c in Sources */,
				B462ECA61B9643D600D6FCD5 /* sfnt.c in Sources */,
				B462EC961B96437200D6FCD5 /* fttype1.c in Sources */,
				B4794AF81BA6751500B5E9DC /* RenderQueue.cpp in Sources */,
				B4794B011BA6751500B5E9DC /* FileHandler_desktop.cpp in Sources */,
				B4794AFA1BA6751500B5E9DC /* ShaderDataFile.cpp in Sources */,
				B462EC7A1B96428C00D6FCD5 /* ftinit.c in Sources */,
				B462EC941B96436700D6FCD5 /* ftsynth.c in Sources */,
				B462ECAC1B9643FE00D6FCD5 /* type1cid.c in Sources */,
				B462EC721B96425100D6FCD5 /* ftfstype.c in Sources */,
				B4794AEC1BA6751500B5E9DC /* Font.cpp in Sources */,
			);
			runOnlyForDeploymentPostprocessing = 0;
		};
/* End PBXSourcesBuildPhase section */

/* Begin XCBuildConfiguration section */
		B485F99C1B961D500051C6DB /* Debug */ = {
			isa = XCBuildConfiguration;
			buildSettings = {
				ALWAYS_SEARCH_USER_PATHS = NO;
				CLANG_CXX_LANGUAGE_STANDARD = "gnu++0x";
				CLANG_CXX_LIBRARY = "libc++";
				CLANG_ENABLE_MODULES = YES;
				CLANG_ENABLE_OBJC_ARC = YES;
				CLANG_WARN_BOOL_CONVERSION = YES;
				CLANG_WARN_CONSTANT_CONVERSION = YES;
				CLANG_WARN_DIRECT_OBJC_ISA_USAGE = YES_ERROR;
				CLANG_WARN_EMPTY_BODY = YES;
				CLANG_WARN_ENUM_CONVERSION = YES;
				CLANG_WARN_INT_CONVERSION = YES;
				CLANG_WARN_OBJC_ROOT_CLASS = YES_ERROR;
				CLANG_WARN_UNREACHABLE_CODE = YES;
				CLANG_WARN__DUPLICATE_METHOD_MATCH = YES;
				COPY_PHASE_STRIP = NO;
				DEBUG_INFORMATION_FORMAT = dwarf;
				ENABLE_STRICT_OBJC_MSGSEND = YES;
				GCC_C_LANGUAGE_STANDARD = gnu99;
				GCC_DYNAMIC_NO_PIC = NO;
				GCC_NO_COMMON_BLOCKS = YES;
				GCC_OPTIMIZATION_LEVEL = 0;
				GCC_PREPROCESSOR_DEFINITIONS = (
					"DEBUG=1",
					"$(inherited)",
				);
				GCC_SYMBOLS_PRIVATE_EXTERN = NO;
				GCC_WARN_64_TO_32_BIT_CONVERSION = YES;
				GCC_WARN_ABOUT_RETURN_TYPE = YES_ERROR;
				GCC_WARN_UNDECLARED_SELECTOR = YES;
				GCC_WARN_UNINITIALIZED_AUTOS = YES_AGGRESSIVE;
				GCC_WARN_UNUSED_FUNCTION = YES;
				GCC_WARN_UNUSED_VARIABLE = YES;
				MACOSX_DEPLOYMENT_TARGET = 10.10;
				MTL_ENABLE_DEBUG_INFO = YES;
				ONLY_ACTIVE_ARCH = YES;
				SDKROOT = macosx;
			};
			name = Debug;
		};
		B485F99D1B961D500051C6DB /* Release */ = {
			isa = XCBuildConfiguration;
			buildSettings = {
				ALWAYS_SEARCH_USER_PATHS = NO;
				CLANG_CXX_LANGUAGE_STANDARD = "gnu++0x";
				CLANG_CXX_LIBRARY = "libc++";
				CLANG_ENABLE_MODULES = YES;
				CLANG_ENABLE_OBJC_ARC = YES;
				CLANG_WARN_BOOL_CONVERSION = YES;
				CLANG_WARN_CONSTANT_CONVERSION = YES;
				CLANG_WARN_DIRECT_OBJC_ISA_USAGE = YES_ERROR;
				CLANG_WARN_EMPTY_BODY = YES;
				CLANG_WARN_ENUM_CONVERSION = YES;
				CLANG_WARN_INT_CONVERSION = YES;
				CLANG_WARN_OBJC_ROOT_CLASS = YES_ERROR;
				CLANG_WARN_UNREACHABLE_CODE = YES;
				CLANG_WARN__DUPLICATE_METHOD_MATCH = YES;
				COPY_PHASE_STRIP = NO;
				DEBUG_INFORMATION_FORMAT = "dwarf-with-dsym";
				ENABLE_NS_ASSERTIONS = NO;
				ENABLE_STRICT_OBJC_MSGSEND = YES;
				GCC_C_LANGUAGE_STANDARD = gnu99;
				GCC_NO_COMMON_BLOCKS = YES;
				GCC_WARN_64_TO_32_BIT_CONVERSION = YES;
				GCC_WARN_ABOUT_RETURN_TYPE = YES_ERROR;
				GCC_WARN_UNDECLARED_SELECTOR = YES;
				GCC_WARN_UNINITIALIZED_AUTOS = YES_AGGRESSIVE;
				GCC_WARN_UNUSED_FUNCTION = YES;
				GCC_WARN_UNUSED_VARIABLE = YES;
				MACOSX_DEPLOYMENT_TARGET = 10.10;
				MTL_ENABLE_DEBUG_INFO = NO;
				SDKROOT = macosx;
			};
			name = Release;
		};
		B485F99F1B961D500051C6DB /* Debug */ = {
			isa = XCBuildConfiguration;
			buildSettings = {
				ALWAYS_SEARCH_USER_PATHS = YES;
				CLANG_ENABLE_MODULES = NO;
				GCC_PREPROCESSOR_DEFINITIONS = (
					"FT2_BUILD_LIBRARY=1",
					DARWIN_NO_CARBON,
				);
				HEADER_SEARCH_PATHS = (
					"$(inherited)",
					/Applications/Xcode.app/Contents/Developer/Toolchains/XcodeDefault.xctoolchain/usr/include,
				);
				LIBRARY_SEARCH_PATHS = (
					"$(inherited)",
					"$(PROJECT_DIR)/externalLibraries/FreeImage3170",
					"$(PROJECT_DIR)/externalLibraries/glew-1.13.0/lib_osx",
					"$(PROJECT_DIR)/externalLibraries/glfw-3.1.1/lib_osx",
				);
				PRODUCT_NAME = "$(TARGET_NAME)";
				USER_HEADER_SEARCH_PATHS = "$SRCROOT/externalLibraries/vmmlib-library $SRCROOT/externalLibraries/boost-library $SRCROOT/externalLibraries/glew-1.13.0/include $SRCROOT/externalLibraries/FreeImage3170 $SRCROOT/externalLibraries/glfw-3.1.1/include $SRCROOT/externalLibraries/freetype-2.6/include $SRCROOT/project/headers $SRCROOT/bRenderer";
			};
			name = Debug;
		};
		B485F9A01B961D500051C6DB /* Release */ = {
			isa = XCBuildConfiguration;
			buildSettings = {
				ALWAYS_SEARCH_USER_PATHS = YES;
				CLANG_ENABLE_MODULES = NO;
				GCC_PREPROCESSOR_DEFINITIONS = (
					"FT2_BUILD_LIBRARY=1",
					DARWIN_NO_CARBON,
				);
				HEADER_SEARCH_PATHS = (
					"$(inherited)",
					/Applications/Xcode.app/Contents/Developer/Toolchains/XcodeDefault.xctoolchain/usr/include,
				);
				LIBRARY_SEARCH_PATHS = (
					"$(inherited)",
					"$(PROJECT_DIR)/externalLibraries/FreeImage3170",
					"$(PROJECT_DIR)/externalLibraries/glew-1.13.0/lib_osx",
					"$(PROJECT_DIR)/externalLibraries/glfw-3.1.1/lib_osx",
				);
				PRODUCT_NAME = "$(TARGET_NAME)";
				USER_HEADER_SEARCH_PATHS = "$SRCROOT/externalLibraries/vmmlib-library $SRCROOT/externalLibraries/boost-library $SRCROOT/externalLibraries/glew-1.13.0/include $SRCROOT/externalLibraries/FreeImage3170 $SRCROOT/externalLibraries/glfw-3.1.1/include $SRCROOT/externalLibraries/freetype-2.6/include $SRCROOT/project/headers $SRCROOT/bRenderer";
			};
			name = Release;
		};
/* End XCBuildConfiguration section */

/* Begin XCConfigurationList section */
		B485F9921B961D500051C6DB /* Build configuration list for PBXProject "bRenderer_osx" */ = {
			isa = XCConfigurationList;
			buildConfigurations = (
				B485F99C1B961D500051C6DB /* Debug */,
				B485F99D1B961D500051C6DB /* Release */,
			);
			defaultConfigurationIsVisible = 0;
			defaultConfigurationName = Release;
		};
		B485F99E1B961D500051C6DB /* Build configuration list for PBXNativeTarget "bRenderer_osx" */ = {
			isa = XCConfigurationList;
			buildConfigurations = (
				B485F99F1B961D500051C6DB /* Debug */,
				B485F9A01B961D500051C6DB /* Release */,
			);
			defaultConfigurationIsVisible = 0;
			defaultConfigurationName = Release;
		};
/* End XCConfigurationList section */
	};
	rootObject = B485F98F1B961D500051C6DB /* Project object */;
}
