// !$*UTF8*$!
{
	archiveVersion = 1;
	classes = {
	};
	objectVersion = 46;
	objects = {

/* Begin PBXBuildFile section */
		B52C10661B3F7D6A005C2DA8 /* Camera.cpp in Sources */ = {isa = PBXBuildFile; fileRef = B52C10461B3F7D6A005C2DA8 /* Camera.cpp */; };
		B52C10671B3F7D6A005C2DA8 /* Geometry.cpp in Sources */ = {isa = PBXBuildFile; fileRef = B52C10471B3F7D6A005C2DA8 /* Geometry.cpp */; };
		B52C10681B3F7D6A005C2DA8 /* Light.cpp in Sources */ = {isa = PBXBuildFile; fileRef = B52C10481B3F7D6A005C2DA8 /* Light.cpp */; };
		B52C10691B3F7D6A005C2DA8 /* Logger.cpp in Sources */ = {isa = PBXBuildFile; fileRef = B52C10491B3F7D6A005C2DA8 /* Logger.cpp */; };
		B52C106A1B3F7D6A005C2DA8 /* Material.cpp in Sources */ = {isa = PBXBuildFile; fileRef = B52C104A1B3F7D6A005C2DA8 /* Material.cpp */; };
		B52C106B1B3F7D6A005C2DA8 /* MatrixStack.cpp in Sources */ = {isa = PBXBuildFile; fileRef = B52C104B1B3F7D6A005C2DA8 /* MatrixStack.cpp */; };
		B52C106C1B3F7D6A005C2DA8 /* Model.cpp in Sources */ = {isa = PBXBuildFile; fileRef = B52C104C1B3F7D6A005C2DA8 /* Model.cpp */; };
		B52C106D1B3F7D6A005C2DA8 /* ModelData.cpp in Sources */ = {isa = PBXBuildFile; fileRef = B52C104D1B3F7D6A005C2DA8 /* ModelData.cpp */; };
		B52C106E1B3F7D6A005C2DA8 /* OBJLoader.cpp in Sources */ = {isa = PBXBuildFile; fileRef = B52C104E1B3F7D6A005C2DA8 /* OBJLoader.cpp */; };
		B52C106F1B3F7D6A005C2DA8 /* Renderer.cpp in Sources */ = {isa = PBXBuildFile; fileRef = B52C104F1B3F7D6A005C2DA8 /* Renderer.cpp */; };
		B52C10701B3F7D6A005C2DA8 /* Shader.cpp in Sources */ = {isa = PBXBuildFile; fileRef = B52C10501B3F7D6A005C2DA8 /* Shader.cpp */; };
		B52C10711B3F7D6A005C2DA8 /* ShaderData.cpp in Sources */ = {isa = PBXBuildFile; fileRef = B52C10511B3F7D6A005C2DA8 /* ShaderData.cpp */; };
		B52C10721B3F7D6A005C2DA8 /* ShaderDataFile.cpp in Sources */ = {isa = PBXBuildFile; fileRef = B52C10521B3F7D6A005C2DA8 /* ShaderDataFile.cpp */; };
		B52C10731B3F7D6A005C2DA8 /* Texture.cpp in Sources */ = {isa = PBXBuildFile; fileRef = B52C10531B3F7D6A005C2DA8 /* Texture.cpp */; };
		B52C10741B3F7D6A005C2DA8 /* obj.cpp in Sources */ = {isa = PBXBuildFile; fileRef = B52C10551B3F7D6A005C2DA8 /* obj.cpp */; };
		B52C10751B3F7D6A005C2DA8 /* obj_parser.cpp in Sources */ = {isa = PBXBuildFile; fileRef = B52C10571B3F7D6A005C2DA8 /* obj_parser.cpp */; };
		B52C10761B3F7D6A005C2DA8 /* FileHandler_desktop.cpp in Sources */ = {isa = PBXBuildFile; fileRef = B52C105B1B3F7D6A005C2DA8 /* FileHandler_desktop.cpp */; };
		B52C10771B3F7D6A005C2DA8 /* Renderer_desktop.cpp in Sources */ = {isa = PBXBuildFile; fileRef = B52C105C1B3F7D6A005C2DA8 /* Renderer_desktop.cpp */; };
		B52C10781B3F7D6A005C2DA8 /* TextureData_desktop.cpp in Sources */ = {isa = PBXBuildFile; fileRef = B52C105D1B3F7D6A005C2DA8 /* TextureData_desktop.cpp */; };
		B52C10791B3F7D6A005C2DA8 /* View_desktop.cpp in Sources */ = {isa = PBXBuildFile; fileRef = B52C105E1B3F7D6A005C2DA8 /* View_desktop.cpp */; };
		B52C107A1B3F7D6A005C2DA8 /* BView.mm in Sources */ = {isa = PBXBuildFile; fileRef = B52C10611B3F7D6A005C2DA8 /* BView.mm */; };
		B52C107B1B3F7D6A005C2DA8 /* FileHandler_ios.mm in Sources */ = {isa = PBXBuildFile; fileRef = B52C10621B3F7D6A005C2DA8 /* FileHandler_ios.mm */; };
		B52C107C1B3F7D6A005C2DA8 /* Renderer_ios.cpp in Sources */ = {isa = PBXBuildFile; fileRef = B52C10631B3F7D6A005C2DA8 /* Renderer_ios.cpp */; };
		B52C107D1B3F7D6A005C2DA8 /* TextureData_ios.mm in Sources */ = {isa = PBXBuildFile; fileRef = B52C10641B3F7D6A005C2DA8 /* TextureData_ios.mm */; };
		B52C107E1B3F7D6A005C2DA8 /* View_ios.mm in Sources */ = {isa = PBXBuildFile; fileRef = B52C10651B3F7D6A005C2DA8 /* View_ios.mm */; };
		B59A67951ACC8BA900E3EB9B /* OpenGLES.framework in Frameworks */ = {isa = PBXBuildFile; fileRef = B59A67941ACC8BA900E3EB9B /* OpenGLES.framework */; };
		B59A67971ACC8BB200E3EB9B /* Foundation.framework in Frameworks */ = {isa = PBXBuildFile; fileRef = B59A67961ACC8BB200E3EB9B /* Foundation.framework */; };
		B59A67991ACC8BCC00E3EB9B /* UIKit.framework in Frameworks */ = {isa = PBXBuildFile; fileRef = B59A67981ACC8BCC00E3EB9B /* UIKit.framework */; };
		B59A679B1ACC99F900E3EB9B /* CoreGraphics.framework in Frameworks */ = {isa = PBXBuildFile; fileRef = B59A679A1ACC99F900E3EB9B /* CoreGraphics.framework */; };
		B59A679D1ACC9A0400E3EB9B /* QuartzCore.framework in Frameworks */ = {isa = PBXBuildFile; fileRef = B59A679C1ACC9A0400E3EB9B /* QuartzCore.framework */; };
		B5B0669E1B3765080060F2B4 /* bTitle.frag in Resources */ = {isa = PBXBuildFile; fileRef = B5B0667C1B3765080060F2B4 /* bTitle.frag */; };
		B5B0669F1B3765080060F2B4 /* bTitle.mtl in Resources */ = {isa = PBXBuildFile; fileRef = B5B0667D1B3765080060F2B4 /* bTitle.mtl */; };
		B5B066A01B3765080060F2B4 /* bTitle.obj in Resources */ = {isa = PBXBuildFile; fileRef = B5B0667E1B3765080060F2B4 /* bTitle.obj */; };
		B5B066A11B3765080060F2B4 /* bTitle.png in Resources */ = {isa = PBXBuildFile; fileRef = B5B0667F1B3765080060F2B4 /* bTitle.png */; };
		B5B066A21B3765080060F2B4 /* bTitle.vert in Resources */ = {isa = PBXBuildFile; fileRef = B5B066801B3765080060F2B4 /* bTitle.vert */; };
		B5B066A31B3765080060F2B4 /* cave_start.frag in Resources */ = {isa = PBXBuildFile; fileRef = B5B066811B3765080060F2B4 /* cave_start.frag */; };
		B5B066A41B3765080060F2B4 /* cave_start.mtl in Resources */ = {isa = PBXBuildFile; fileRef = B5B066821B3765080060F2B4 /* cave_start.mtl */; };
		B5B066A51B3765080060F2B4 /* cave_start.obj in Resources */ = {isa = PBXBuildFile; fileRef = B5B066831B3765080060F2B4 /* cave_start.obj */; };
		B5B066A61B3765080060F2B4 /* cave_start.vert in Resources */ = {isa = PBXBuildFile; fileRef = B5B066841B3765080060F2B4 /* cave_start.vert */; };
		B5B066A71B3765080060F2B4 /* caveStart_d.png in Resources */ = {isa = PBXBuildFile; fileRef = B5B066851B3765080060F2B4 /* caveStart_d.png */; };
		B5B066A81B3765080060F2B4 /* caveStart_n.png in Resources */ = {isa = PBXBuildFile; fileRef = B5B066861B3765080060F2B4 /* caveStart_n.png */; };
		B5B066A91B3765080060F2B4 /* crystal.mtl in Resources */ = {isa = PBXBuildFile; fileRef = B5B066871B3765080060F2B4 /* crystal.mtl */; };
		B5B066AA1B3765080060F2B4 /* crystal.obj in Resources */ = {isa = PBXBuildFile; fileRef = B5B066881B3765080060F2B4 /* crystal.obj */; };
		B5B066AB1B3765080060F2B4 /* crystal_d.png in Resources */ = {isa = PBXBuildFile; fileRef = B5B066891B3765080060F2B4 /* crystal_d.png */; };
		B5B066AC1B3765080060F2B4 /* crystal_n.png in Resources */ = {isa = PBXBuildFile; fileRef = B5B0668A1B3765080060F2B4 /* crystal_n.png */; };
		B5B066AD1B3765080060F2B4 /* default.frag in Resources */ = {isa = PBXBuildFile; fileRef = B5B0668B1B3765080060F2B4 /* default.frag */; };
		B5B066AE1B3765080060F2B4 /* default.vert in Resources */ = {isa = PBXBuildFile; fileRef = B5B0668C1B3765080060F2B4 /* default.vert */; };
		B5B066AF1B3765080060F2B4 /* flame.frag in Resources */ = {isa = PBXBuildFile; fileRef = B5B0668D1B3765080060F2B4 /* flame.frag */; };
		B5B066B01B3765080060F2B4 /* flame.mtl in Resources */ = {isa = PBXBuildFile; fileRef = B5B0668E1B3765080060F2B4 /* flame.mtl */; };
		B5B066B11B3765080060F2B4 /* flame.obj in Resources */ = {isa = PBXBuildFile; fileRef = B5B0668F1B3765080060F2B4 /* flame.obj */; };
		B5B066B21B3765080060F2B4 /* flame.png in Resources */ = {isa = PBXBuildFile; fileRef = B5B066901B3765080060F2B4 /* flame.png */; };
		B5B066B31B3765080060F2B4 /* flame.vert in Resources */ = {isa = PBXBuildFile; fileRef = B5B066911B3765080060F2B4 /* flame.vert */; };
		B5B066B41B3765080060F2B4 /* particle.png in Resources */ = {isa = PBXBuildFile; fileRef = B5B066921B3765080060F2B4 /* particle.png */; };
		B5B066B51B3765080060F2B4 /* particle_f.png in Resources */ = {isa = PBXBuildFile; fileRef = B5B066931B3765080060F2B4 /* particle_f.png */; };
		B5B066B61B3765080060F2B4 /* sparks.frag in Resources */ = {isa = PBXBuildFile; fileRef = B5B066941B3765080060F2B4 /* sparks.frag */; };
		B5B066B71B3765080060F2B4 /* sparks.mtl in Resources */ = {isa = PBXBuildFile; fileRef = B5B066951B3765080060F2B4 /* sparks.mtl */; };
		B5B066B81B3765080060F2B4 /* sparks.obj in Resources */ = {isa = PBXBuildFile; fileRef = B5B066961B3765080060F2B4 /* sparks.obj */; };
		B5B066B91B3765080060F2B4 /* sparks.png in Resources */ = {isa = PBXBuildFile; fileRef = B5B066971B3765080060F2B4 /* sparks.png */; };
		B5B066BA1B3765080060F2B4 /* sparks.vert in Resources */ = {isa = PBXBuildFile; fileRef = B5B066981B3765080060F2B4 /* sparks.vert */; };
		B5B066BB1B3765080060F2B4 /* torch.frag in Resources */ = {isa = PBXBuildFile; fileRef = B5B066991B3765080060F2B4 /* torch.frag */; };
		B5B066BC1B3765080060F2B4 /* torch.mtl in Resources */ = {isa = PBXBuildFile; fileRef = B5B0669A1B3765080060F2B4 /* torch.mtl */; };
		B5B066BD1B3765080060F2B4 /* torch.obj in Resources */ = {isa = PBXBuildFile; fileRef = B5B0669B1B3765080060F2B4 /* torch.obj */; };
		B5B066BE1B3765080060F2B4 /* torch.vert in Resources */ = {isa = PBXBuildFile; fileRef = B5B0669C1B3765080060F2B4 /* torch.vert */; };
		B5B066BF1B3765080060F2B4 /* torchSurface_Color.png in Resources */ = {isa = PBXBuildFile; fileRef = B5B0669D1B3765080060F2B4 /* torchSurface_Color.png */; };
		B5B066C81B37650F0060F2B4 /* AppDelegate.m in Sources */ = {isa = PBXBuildFile; fileRef = B5B066C21B37650F0060F2B4 /* AppDelegate.m */; };
		B5B066C91B37650F0060F2B4 /* main.m in Sources */ = {isa = PBXBuildFile; fileRef = B5B066C31B37650F0060F2B4 /* main.m */; };
		B5B066CA1B37650F0060F2B4 /* Project-Info.plist in Resources */ = {isa = PBXBuildFile; fileRef = B5B066C41B37650F0060F2B4 /* Project-Info.plist */; };
		B5B066CB1B37650F0060F2B4 /* ViewController.mm in Sources */ = {isa = PBXBuildFile; fileRef = B5B066C71B37650F0060F2B4 /* ViewController.mm */; };
		B5B066D01B3765170060F2B4 /* ProjectMain.cpp in Sources */ = {isa = PBXBuildFile; fileRef = B5B066CF1B3765170060F2B4 /* ProjectMain.cpp */; };
/* End PBXBuildFile section */

/* Begin PBXFileReference section */
		B51CD54C1ACC481700994714 /* bRenderer.app */ = {isa = PBXFileReference; explicitFileType = wrapper.application; includeInIndex = 0; path = bRenderer.app; sourceTree = BUILT_PRODUCTS_DIR; };
		B52C10291B3F7D6A005C2DA8 /* bRenderer.h */ = {isa = PBXFileReference; fileEncoding = 4; lastKnownFileType = sourcecode.c.h; path = bRenderer.h; sourceTree = "<group>"; };
		B52C102B1B3F7D6A005C2DA8 /* Camera.h */ = {isa = PBXFileReference; fileEncoding = 4; lastKnownFileType = sourcecode.c.h; path = Camera.h; sourceTree = "<group>"; };
		B52C102C1B3F7D6A005C2DA8 /* Configuration.h */ = {isa = PBXFileReference; fileEncoding = 4; lastKnownFileType = sourcecode.c.h; path = Configuration.h; sourceTree = "<group>"; };
		B52C102D1B3F7D6A005C2DA8 /* FileHandler.h */ = {isa = PBXFileReference; fileEncoding = 4; lastKnownFileType = sourcecode.c.h; path = FileHandler.h; sourceTree = "<group>"; };
		B52C102E1B3F7D6A005C2DA8 /* Geometry.h */ = {isa = PBXFileReference; fileEncoding = 4; lastKnownFileType = sourcecode.c.h; path = Geometry.h; sourceTree = "<group>"; };
		B52C102F1B3F7D6A005C2DA8 /* GeometryData.h */ = {isa = PBXFileReference; fileEncoding = 4; lastKnownFileType = sourcecode.c.h; path = GeometryData.h; sourceTree = "<group>"; };
		B52C10301B3F7D6A005C2DA8 /* IDrawable.h */ = {isa = PBXFileReference; fileEncoding = 4; lastKnownFileType = sourcecode.c.h; path = IDrawable.h; sourceTree = "<group>"; };
		B52C10311B3F7D6A005C2DA8 /* IRenderProject.h */ = {isa = PBXFileReference; fileEncoding = 4; lastKnownFileType = sourcecode.c.h; path = IRenderProject.h; sourceTree = "<group>"; };
		B52C10321B3F7D6A005C2DA8 /* IShaderData.h */ = {isa = PBXFileReference; fileEncoding = 4; lastKnownFileType = sourcecode.c.h; path = IShaderData.h; sourceTree = "<group>"; };
		B52C10331B3F7D6A005C2DA8 /* Light.h */ = {isa = PBXFileReference; fileEncoding = 4; lastKnownFileType = sourcecode.c.h; path = Light.h; sourceTree = "<group>"; };
		B52C10341B3F7D6A005C2DA8 /* Logger.h */ = {isa = PBXFileReference; fileEncoding = 4; lastKnownFileType = sourcecode.c.h; path = Logger.h; sourceTree = "<group>"; };
		B52C10351B3F7D6A005C2DA8 /* Material.h */ = {isa = PBXFileReference; fileEncoding = 4; lastKnownFileType = sourcecode.c.h; path = Material.h; sourceTree = "<group>"; };
		B52C10361B3F7D6A005C2DA8 /* MaterialData.h */ = {isa = PBXFileReference; fileEncoding = 4; lastKnownFileType = sourcecode.c.h; path = MaterialData.h; sourceTree = "<group>"; };
		B52C10371B3F7D6A005C2DA8 /* MatrixStack.h */ = {isa = PBXFileReference; fileEncoding = 4; lastKnownFileType = sourcecode.c.h; path = MatrixStack.h; sourceTree = "<group>"; };
		B52C10381B3F7D6A005C2DA8 /* Model.h */ = {isa = PBXFileReference; fileEncoding = 4; lastKnownFileType = sourcecode.c.h; path = Model.h; sourceTree = "<group>"; };
		B52C10391B3F7D6A005C2DA8 /* ModelData.h */ = {isa = PBXFileReference; fileEncoding = 4; lastKnownFileType = sourcecode.c.h; path = ModelData.h; sourceTree = "<group>"; };
		B52C103A1B3F7D6A005C2DA8 /* OBJLoader.h */ = {isa = PBXFileReference; fileEncoding = 4; lastKnownFileType = sourcecode.c.h; path = OBJLoader.h; sourceTree = "<group>"; };
		B52C103B1B3F7D6A005C2DA8 /* OSdetect.h */ = {isa = PBXFileReference; fileEncoding = 4; lastKnownFileType = sourcecode.c.h; path = OSdetect.h; sourceTree = "<group>"; };
		B52C103C1B3F7D6A005C2DA8 /* Renderer.h */ = {isa = PBXFileReference; fileEncoding = 4; lastKnownFileType = sourcecode.c.h; path = Renderer.h; sourceTree = "<group>"; };
		B52C103D1B3F7D6A005C2DA8 /* Renderer_GL.h */ = {isa = PBXFileReference; fileEncoding = 4; lastKnownFileType = sourcecode.c.h; path = Renderer_GL.h; sourceTree = "<group>"; };
		B52C103E1B3F7D6A005C2DA8 /* Shader.h */ = {isa = PBXFileReference; fileEncoding = 4; lastKnownFileType = sourcecode.c.h; path = Shader.h; sourceTree = "<group>"; };
		B52C103F1B3F7D6A005C2DA8 /* ShaderData.h */ = {isa = PBXFileReference; fileEncoding = 4; lastKnownFileType = sourcecode.c.h; path = ShaderData.h; sourceTree = "<group>"; };
		B52C10401B3F7D6A005C2DA8 /* ShaderDataFile.h */ = {isa = PBXFileReference; fileEncoding = 4; lastKnownFileType = sourcecode.c.h; path = ShaderDataFile.h; sourceTree = "<group>"; };
		B52C10411B3F7D6A005C2DA8 /* ShaderSource.h */ = {isa = PBXFileReference; fileEncoding = 4; lastKnownFileType = sourcecode.c.h; path = ShaderSource.h; sourceTree = "<group>"; };
		B52C10421B3F7D6A005C2DA8 /* Texture.h */ = {isa = PBXFileReference; fileEncoding = 4; lastKnownFileType = sourcecode.c.h; path = Texture.h; sourceTree = "<group>"; };
		B52C10431B3F7D6A005C2DA8 /* TextureData.h */ = {isa = PBXFileReference; fileEncoding = 4; lastKnownFileType = sourcecode.c.h; path = TextureData.h; sourceTree = "<group>"; };
		B52C10441B3F7D6A005C2DA8 /* View.h */ = {isa = PBXFileReference; fileEncoding = 4; lastKnownFileType = sourcecode.c.h; path = View.h; sourceTree = "<group>"; };
		B52C10461B3F7D6A005C2DA8 /* Camera.cpp */ = {isa = PBXFileReference; fileEncoding = 4; lastKnownFileType = sourcecode.cpp.cpp; path = Camera.cpp; sourceTree = "<group>"; };
		B52C10471B3F7D6A005C2DA8 /* Geometry.cpp */ = {isa = PBXFileReference; fileEncoding = 4; lastKnownFileType = sourcecode.cpp.cpp; path = Geometry.cpp; sourceTree = "<group>"; };
		B52C10481B3F7D6A005C2DA8 /* Light.cpp */ = {isa = PBXFileReference; fileEncoding = 4; lastKnownFileType = sourcecode.cpp.cpp; path = Light.cpp; sourceTree = "<group>"; };
		B52C10491B3F7D6A005C2DA8 /* Logger.cpp */ = {isa = PBXFileReference; fileEncoding = 4; lastKnownFileType = sourcecode.cpp.cpp; path = Logger.cpp; sourceTree = "<group>"; };
		B52C104A1B3F7D6A005C2DA8 /* Material.cpp */ = {isa = PBXFileReference; fileEncoding = 4; lastKnownFileType = sourcecode.cpp.cpp; path = Material.cpp; sourceTree = "<group>"; };
		B52C104B1B3F7D6A005C2DA8 /* MatrixStack.cpp */ = {isa = PBXFileReference; fileEncoding = 4; lastKnownFileType = sourcecode.cpp.cpp; path = MatrixStack.cpp; sourceTree = "<group>"; };
		B52C104C1B3F7D6A005C2DA8 /* Model.cpp */ = {isa = PBXFileReference; fileEncoding = 4; lastKnownFileType = sourcecode.cpp.cpp; path = Model.cpp; sourceTree = "<group>"; };
		B52C104D1B3F7D6A005C2DA8 /* ModelData.cpp */ = {isa = PBXFileReference; fileEncoding = 4; lastKnownFileType = sourcecode.cpp.cpp; path = ModelData.cpp; sourceTree = "<group>"; };
		B52C104E1B3F7D6A005C2DA8 /* OBJLoader.cpp */ = {isa = PBXFileReference; fileEncoding = 4; lastKnownFileType = sourcecode.cpp.cpp; path = OBJLoader.cpp; sourceTree = "<group>"; };
		B52C104F1B3F7D6A005C2DA8 /* Renderer.cpp */ = {isa = PBXFileReference; fileEncoding = 4; lastKnownFileType = sourcecode.cpp.cpp; path = Renderer.cpp; sourceTree = "<group>"; };
		B52C10501B3F7D6A005C2DA8 /* Shader.cpp */ = {isa = PBXFileReference; fileEncoding = 4; lastKnownFileType = sourcecode.cpp.cpp; path = Shader.cpp; sourceTree = "<group>"; };
		B52C10511B3F7D6A005C2DA8 /* ShaderData.cpp */ = {isa = PBXFileReference; fileEncoding = 4; lastKnownFileType = sourcecode.cpp.cpp; path = ShaderData.cpp; sourceTree = "<group>"; };
		B52C10521B3F7D6A005C2DA8 /* ShaderDataFile.cpp */ = {isa = PBXFileReference; fileEncoding = 4; lastKnownFileType = sourcecode.cpp.cpp; path = ShaderDataFile.cpp; sourceTree = "<group>"; };
		B52C10531B3F7D6A005C2DA8 /* Texture.cpp */ = {isa = PBXFileReference; fileEncoding = 4; lastKnownFileType = sourcecode.cpp.cpp; path = Texture.cpp; sourceTree = "<group>"; };
		B52C10551B3F7D6A005C2DA8 /* obj.cpp */ = {isa = PBXFileReference; fileEncoding = 4; lastKnownFileType = sourcecode.cpp.cpp; path = obj.cpp; sourceTree = "<group>"; };
		B52C10561B3F7D6A005C2DA8 /* obj.hpp */ = {isa = PBXFileReference; fileEncoding = 4; lastKnownFileType = sourcecode.cpp.h; path = obj.hpp; sourceTree = "<group>"; };
		B52C10571B3F7D6A005C2DA8 /* obj_parser.cpp */ = {isa = PBXFileReference; fileEncoding = 4; lastKnownFileType = sourcecode.cpp.cpp; path = obj_parser.cpp; sourceTree = "<group>"; };
		B52C10581B3F7D6A005C2DA8 /* obj_parser.hpp */ = {isa = PBXFileReference; fileEncoding = 4; lastKnownFileType = sourcecode.cpp.h; path = obj_parser.hpp; sourceTree = "<group>"; };
		B52C105B1B3F7D6A005C2DA8 /* FileHandler_desktop.cpp */ = {isa = PBXFileReference; fileEncoding = 4; lastKnownFileType = sourcecode.cpp.cpp; path = FileHandler_desktop.cpp; sourceTree = "<group>"; };
		B52C105C1B3F7D6A005C2DA8 /* Renderer_desktop.cpp */ = {isa = PBXFileReference; fileEncoding = 4; lastKnownFileType = sourcecode.cpp.cpp; path = Renderer_desktop.cpp; sourceTree = "<group>"; };
		B52C105D1B3F7D6A005C2DA8 /* TextureData_desktop.cpp */ = {isa = PBXFileReference; fileEncoding = 4; lastKnownFileType = sourcecode.cpp.cpp; path = TextureData_desktop.cpp; sourceTree = "<group>"; };
		B52C105E1B3F7D6A005C2DA8 /* View_desktop.cpp */ = {isa = PBXFileReference; fileEncoding = 4; lastKnownFileType = sourcecode.cpp.cpp; path = View_desktop.cpp; sourceTree = "<group>"; };
		B52C10601B3F7D6A005C2DA8 /* BView.h */ = {isa = PBXFileReference; fileEncoding = 4; lastKnownFileType = sourcecode.c.h; path = BView.h; sourceTree = "<group>"; };
		B52C10611B3F7D6A005C2DA8 /* BView.mm */ = {isa = PBXFileReference; fileEncoding = 4; lastKnownFileType = sourcecode.cpp.objcpp; path = BView.mm; sourceTree = "<group>"; };
		B52C10621B3F7D6A005C2DA8 /* FileHandler_ios.mm */ = {isa = PBXFileReference; fileEncoding = 4; lastKnownFileType = sourcecode.cpp.objcpp; path = FileHandler_ios.mm; sourceTree = "<group>"; };
		B52C10631B3F7D6A005C2DA8 /* Renderer_ios.cpp */ = {isa = PBXFileReference; fileEncoding = 4; lastKnownFileType = sourcecode.cpp.cpp; path = Renderer_ios.cpp; sourceTree = "<group>"; };
		B52C10641B3F7D6A005C2DA8 /* TextureData_ios.mm */ = {isa = PBXFileReference; fileEncoding = 4; lastKnownFileType = sourcecode.cpp.objcpp; path = TextureData_ios.mm; sourceTree = "<group>"; };
		B52C10651B3F7D6A005C2DA8 /* View_ios.mm */ = {isa = PBXFileReference; fileEncoding = 4; lastKnownFileType = sourcecode.cpp.objcpp; path = View_ios.mm; sourceTree = "<group>"; };
		B59A67941ACC8BA900E3EB9B /* OpenGLES.framework */ = {isa = PBXFileReference; lastKnownFileType = wrapper.framework; name = OpenGLES.framework; path = System/Library/Frameworks/OpenGLES.framework; sourceTree = SDKROOT; };
		B59A67961ACC8BB200E3EB9B /* Foundation.framework */ = {isa = PBXFileReference; lastKnownFileType = wrapper.framework; name = Foundation.framework; path = System/Library/Frameworks/Foundation.framework; sourceTree = SDKROOT; };
		B59A67981ACC8BCC00E3EB9B /* UIKit.framework */ = {isa = PBXFileReference; lastKnownFileType = wrapper.framework; name = UIKit.framework; path = System/Library/Frameworks/UIKit.framework; sourceTree = SDKROOT; };
		B59A679A1ACC99F900E3EB9B /* CoreGraphics.framework */ = {isa = PBXFileReference; lastKnownFileType = wrapper.framework; name = CoreGraphics.framework; path = System/Library/Frameworks/CoreGraphics.framework; sourceTree = SDKROOT; };
		B59A679C1ACC9A0400E3EB9B /* QuartzCore.framework */ = {isa = PBXFileReference; lastKnownFileType = wrapper.framework; name = QuartzCore.framework; path = System/Library/Frameworks/QuartzCore.framework; sourceTree = SDKROOT; };
		B5B0667C1B3765080060F2B4 /* bTitle.frag */ = {isa = PBXFileReference; fileEncoding = 4; lastKnownFileType = sourcecode.glsl; path = bTitle.frag; sourceTree = "<group>"; };
		B5B0667D1B3765080060F2B4 /* bTitle.mtl */ = {isa = PBXFileReference; fileEncoding = 4; lastKnownFileType = text; path = bTitle.mtl; sourceTree = "<group>"; };
		B5B0667E1B3765080060F2B4 /* bTitle.obj */ = {isa = PBXFileReference; fileEncoding = 4; lastKnownFileType = text; path = bTitle.obj; sourceTree = "<group>"; };
		B5B0667F1B3765080060F2B4 /* bTitle.png */ = {isa = PBXFileReference; lastKnownFileType = image.png; path = bTitle.png; sourceTree = "<group>"; };
		B5B066801B3765080060F2B4 /* bTitle.vert */ = {isa = PBXFileReference; fileEncoding = 4; lastKnownFileType = sourcecode.glsl; path = bTitle.vert; sourceTree = "<group>"; };
		B5B066811B3765080060F2B4 /* cave_start.frag */ = {isa = PBXFileReference; fileEncoding = 4; lastKnownFileType = sourcecode.glsl; path = cave_start.frag; sourceTree = "<group>"; };
		B5B066821B3765080060F2B4 /* cave_start.mtl */ = {isa = PBXFileReference; fileEncoding = 4; lastKnownFileType = text; path = cave_start.mtl; sourceTree = "<group>"; };
		B5B066831B3765080060F2B4 /* cave_start.obj */ = {isa = PBXFileReference; fileEncoding = 4; lastKnownFileType = text; path = cave_start.obj; sourceTree = "<group>"; };
		B5B066841B3765080060F2B4 /* cave_start.vert */ = {isa = PBXFileReference; fileEncoding = 4; lastKnownFileType = sourcecode.glsl; path = cave_start.vert; sourceTree = "<group>"; };
		B5B066851B3765080060F2B4 /* caveStart_d.png */ = {isa = PBXFileReference; lastKnownFileType = image.png; path = caveStart_d.png; sourceTree = "<group>"; };
		B5B066861B3765080060F2B4 /* caveStart_n.png */ = {isa = PBXFileReference; lastKnownFileType = image.png; path = caveStart_n.png; sourceTree = "<group>"; };
		B5B066871B3765080060F2B4 /* crystal.mtl */ = {isa = PBXFileReference; fileEncoding = 4; lastKnownFileType = text; path = crystal.mtl; sourceTree = "<group>"; };
		B5B066881B3765080060F2B4 /* crystal.obj */ = {isa = PBXFileReference; fileEncoding = 4; lastKnownFileType = text; path = crystal.obj; sourceTree = "<group>"; };
		B5B066891B3765080060F2B4 /* crystal_d.png */ = {isa = PBXFileReference; lastKnownFileType = image.png; path = crystal_d.png; sourceTree = "<group>"; };
		B5B0668A1B3765080060F2B4 /* crystal_n.png */ = {isa = PBXFileReference; lastKnownFileType = image.png; path = crystal_n.png; sourceTree = "<group>"; };
		B5B0668B1B3765080060F2B4 /* default.frag */ = {isa = PBXFileReference; fileEncoding = 4; lastKnownFileType = sourcecode.glsl; path = default.frag; sourceTree = "<group>"; };
		B5B0668C1B3765080060F2B4 /* default.vert */ = {isa = PBXFileReference; fileEncoding = 4; lastKnownFileType = sourcecode.glsl; path = default.vert; sourceTree = "<group>"; };
		B5B0668D1B3765080060F2B4 /* flame.frag */ = {isa = PBXFileReference; fileEncoding = 4; lastKnownFileType = sourcecode.glsl; path = flame.frag; sourceTree = "<group>"; };
		B5B0668E1B3765080060F2B4 /* flame.mtl */ = {isa = PBXFileReference; fileEncoding = 4; lastKnownFileType = text; path = flame.mtl; sourceTree = "<group>"; };
		B5B0668F1B3765080060F2B4 /* flame.obj */ = {isa = PBXFileReference; fileEncoding = 4; lastKnownFileType = text; path = flame.obj; sourceTree = "<group>"; };
		B5B066901B3765080060F2B4 /* flame.png */ = {isa = PBXFileReference; lastKnownFileType = image.png; path = flame.png; sourceTree = "<group>"; };
		B5B066911B3765080060F2B4 /* flame.vert */ = {isa = PBXFileReference; fileEncoding = 4; lastKnownFileType = sourcecode.glsl; path = flame.vert; sourceTree = "<group>"; };
		B5B066921B3765080060F2B4 /* particle.png */ = {isa = PBXFileReference; lastKnownFileType = image.png; path = particle.png; sourceTree = "<group>"; };
		B5B066931B3765080060F2B4 /* particle_f.png */ = {isa = PBXFileReference; lastKnownFileType = image.png; path = particle_f.png; sourceTree = "<group>"; };
		B5B066941B3765080060F2B4 /* sparks.frag */ = {isa = PBXFileReference; fileEncoding = 4; lastKnownFileType = sourcecode.glsl; path = sparks.frag; sourceTree = "<group>"; };
		B5B066951B3765080060F2B4 /* sparks.mtl */ = {isa = PBXFileReference; fileEncoding = 4; lastKnownFileType = text; path = sparks.mtl; sourceTree = "<group>"; };
		B5B066961B3765080060F2B4 /* sparks.obj */ = {isa = PBXFileReference; fileEncoding = 4; lastKnownFileType = text; path = sparks.obj; sourceTree = "<group>"; };
		B5B066971B3765080060F2B4 /* sparks.png */ = {isa = PBXFileReference; lastKnownFileType = image.png; path = sparks.png; sourceTree = "<group>"; };
		B5B066981B3765080060F2B4 /* sparks.vert */ = {isa = PBXFileReference; fileEncoding = 4; lastKnownFileType = sourcecode.glsl; path = sparks.vert; sourceTree = "<group>"; };
		B5B066991B3765080060F2B4 /* torch.frag */ = {isa = PBXFileReference; fileEncoding = 4; lastKnownFileType = sourcecode.glsl; path = torch.frag; sourceTree = "<group>"; };
		B5B0669A1B3765080060F2B4 /* torch.mtl */ = {isa = PBXFileReference; fileEncoding = 4; lastKnownFileType = text; path = torch.mtl; sourceTree = "<group>"; };
		B5B0669B1B3765080060F2B4 /* torch.obj */ = {isa = PBXFileReference; fileEncoding = 4; lastKnownFileType = text; path = torch.obj; sourceTree = "<group>"; };
		B5B0669C1B3765080060F2B4 /* torch.vert */ = {isa = PBXFileReference; fileEncoding = 4; lastKnownFileType = sourcecode.glsl; path = torch.vert; sourceTree = "<group>"; };
		B5B0669D1B3765080060F2B4 /* torchSurface_Color.png */ = {isa = PBXFileReference; lastKnownFileType = image.png; path = torchSurface_Color.png; sourceTree = "<group>"; };
		B5B066C11B37650F0060F2B4 /* AppDelegate.h */ = {isa = PBXFileReference; fileEncoding = 4; lastKnownFileType = sourcecode.c.h; path = AppDelegate.h; sourceTree = "<group>"; };
		B5B066C21B37650F0060F2B4 /* AppDelegate.m */ = {isa = PBXFileReference; fileEncoding = 4; lastKnownFileType = sourcecode.c.objc; path = AppDelegate.m; sourceTree = "<group>"; };
		B5B066C31B37650F0060F2B4 /* main.m */ = {isa = PBXFileReference; fileEncoding = 4; lastKnownFileType = sourcecode.c.objc; path = main.m; sourceTree = "<group>"; };
		B5B066C41B37650F0060F2B4 /* Project-Info.plist */ = {isa = PBXFileReference; fileEncoding = 4; lastKnownFileType = text.plist.xml; path = "Project-Info.plist"; sourceTree = "<group>"; };
		B5B066C51B37650F0060F2B4 /* Project-Prefix.pch */ = {isa = PBXFileReference; fileEncoding = 4; lastKnownFileType = sourcecode.c.h; path = "Project-Prefix.pch"; sourceTree = "<group>"; };
		B5B066C61B37650F0060F2B4 /* ViewController.h */ = {isa = PBXFileReference; fileEncoding = 4; lastKnownFileType = sourcecode.c.h; path = ViewController.h; sourceTree = "<group>"; };
		B5B066C71B37650F0060F2B4 /* ViewController.mm */ = {isa = PBXFileReference; fileEncoding = 4; lastKnownFileType = sourcecode.cpp.objcpp; path = ViewController.mm; sourceTree = "<group>"; };
		B5B066CD1B3765170060F2B4 /* ProjectMain.h */ = {isa = PBXFileReference; fileEncoding = 4; lastKnownFileType = sourcecode.c.h; path = ProjectMain.h; sourceTree = "<group>"; };
		B5B066CF1B3765170060F2B4 /* ProjectMain.cpp */ = {isa = PBXFileReference; fileEncoding = 4; lastKnownFileType = sourcecode.cpp.cpp; path = ProjectMain.cpp; sourceTree = "<group>"; };
/* End PBXFileReference section */

/* Begin PBXFrameworksBuildPhase section */
		1D60588F0D05DD3D006BFB54 /* Frameworks */ = {
			isa = PBXFrameworksBuildPhase;
			buildActionMask = 2147483647;
			files = (
				B59A679D1ACC9A0400E3EB9B /* QuartzCore.framework in Frameworks */,
				B59A679B1ACC99F900E3EB9B /* CoreGraphics.framework in Frameworks */,
				B59A67991ACC8BCC00E3EB9B /* UIKit.framework in Frameworks */,
				B59A67971ACC8BB200E3EB9B /* Foundation.framework in Frameworks */,
				B59A67951ACC8BA900E3EB9B /* OpenGLES.framework in Frameworks */,
			);
			runOnlyForDeploymentPostprocessing = 0;
		};
/* End PBXFrameworksBuildPhase section */

/* Begin PBXGroup section */
		29B97314FDCFA39411CA2CEA /* CustomTemplate */ = {
			isa = PBXGroup;
			children = (
				B52C10281B3F7D6A005C2DA8 /* bRenderer */,
				B5CF9A2E1B346EFD00114F5E /* Project */,
				29B97323FDCFA39411CA2CEA /* externalLibraries */,
				B51CD54C1ACC481700994714 /* bRenderer.app */,
			);
			name = CustomTemplate;
			sourceTree = "<group>";
		};
		29B97323FDCFA39411CA2CEA /* externalLibraries */ = {
			isa = PBXGroup;
			children = (
				B59A679C1ACC9A0400E3EB9B /* QuartzCore.framework */,
				B59A679A1ACC99F900E3EB9B /* CoreGraphics.framework */,
				B59A67981ACC8BCC00E3EB9B /* UIKit.framework */,
				B59A67961ACC8BB200E3EB9B /* Foundation.framework */,
				B59A67941ACC8BA900E3EB9B /* OpenGLES.framework */,
			);
			name = externalLibraries;
			sourceTree = "<group>";
		};
		B52C10281B3F7D6A005C2DA8 /* bRenderer */ = {
			isa = PBXGroup;
			children = (
				B52C10291B3F7D6A005C2DA8 /* bRenderer.h */,
				B52C102A1B3F7D6A005C2DA8 /* headers */,
				B52C10451B3F7D6A005C2DA8 /* implementation */,
				B52C10541B3F7D6A005C2DA8 /* obj_parser */,
				B52C10591B3F7D6A005C2DA8 /* os_specific */,
			);
			path = bRenderer;
			sourceTree = "<group>";
		};
		B52C102A1B3F7D6A005C2DA8 /* headers */ = {
			isa = PBXGroup;
			children = (
				B52C102B1B3F7D6A005C2DA8 /* Camera.h */,
				B52C102C1B3F7D6A005C2DA8 /* Configuration.h */,
				B52C102D1B3F7D6A005C2DA8 /* FileHandler.h */,
				B52C102E1B3F7D6A005C2DA8 /* Geometry.h */,
				B52C102F1B3F7D6A005C2DA8 /* GeometryData.h */,
				B52C10301B3F7D6A005C2DA8 /* IDrawable.h */,
				B52C10311B3F7D6A005C2DA8 /* IRenderProject.h */,
				B52C10321B3F7D6A005C2DA8 /* IShaderData.h */,
				B52C10331B3F7D6A005C2DA8 /* Light.h */,
				B52C10341B3F7D6A005C2DA8 /* Logger.h */,
				B52C10351B3F7D6A005C2DA8 /* Material.h */,
				B52C10361B3F7D6A005C2DA8 /* MaterialData.h */,
				B52C10371B3F7D6A005C2DA8 /* MatrixStack.h */,
				B52C10381B3F7D6A005C2DA8 /* Model.h */,
				B52C10391B3F7D6A005C2DA8 /* ModelData.h */,
				B52C103A1B3F7D6A005C2DA8 /* OBJLoader.h */,
				B52C103B1B3F7D6A005C2DA8 /* OSdetect.h */,
				B52C103C1B3F7D6A005C2DA8 /* Renderer.h */,
				B52C103D1B3F7D6A005C2DA8 /* Renderer_GL.h */,
				B52C103E1B3F7D6A005C2DA8 /* Shader.h */,
				B52C103F1B3F7D6A005C2DA8 /* ShaderData.h */,
				B52C10401B3F7D6A005C2DA8 /* ShaderDataFile.h */,
				B52C10411B3F7D6A005C2DA8 /* ShaderSource.h */,
				B52C10421B3F7D6A005C2DA8 /* Texture.h */,
				B52C10431B3F7D6A005C2DA8 /* TextureData.h */,
				B52C10441B3F7D6A005C2DA8 /* View.h */,
			);
			path = headers;
			sourceTree = "<group>";
		};
		B52C10451B3F7D6A005C2DA8 /* implementation */ = {
			isa = PBXGroup;
			children = (
				B52C10461B3F7D6A005C2DA8 /* Camera.cpp */,
				B52C10471B3F7D6A005C2DA8 /* Geometry.cpp */,
				B52C10481B3F7D6A005C2DA8 /* Light.cpp */,
				B52C10491B3F7D6A005C2DA8 /* Logger.cpp */,
				B52C104A1B3F7D6A005C2DA8 /* Material.cpp */,
				B52C104B1B3F7D6A005C2DA8 /* MatrixStack.cpp */,
				B52C104C1B3F7D6A005C2DA8 /* Model.cpp */,
				B52C104D1B3F7D6A005C2DA8 /* ModelData.cpp */,
				B52C104E1B3F7D6A005C2DA8 /* OBJLoader.cpp */,
				B52C104F1B3F7D6A005C2DA8 /* Renderer.cpp */,
				B52C10501B3F7D6A005C2DA8 /* Shader.cpp */,
				B52C10511B3F7D6A005C2DA8 /* ShaderData.cpp */,
				B52C10521B3F7D6A005C2DA8 /* ShaderDataFile.cpp */,
				B52C10531B3F7D6A005C2DA8 /* Texture.cpp */,
			);
			path = implementation;
			sourceTree = "<group>";
		};
		B52C10541B3F7D6A005C2DA8 /* obj_parser */ = {
			isa = PBXGroup;
			children = (
				B52C10551B3F7D6A005C2DA8 /* obj.cpp */,
				B52C10561B3F7D6A005C2DA8 /* obj.hpp */,
				B52C10571B3F7D6A005C2DA8 /* obj_parser.cpp */,
				B52C10581B3F7D6A005C2DA8 /* obj_parser.hpp */,
			);
			path = obj_parser;
			sourceTree = "<group>";
		};
		B52C10591B3F7D6A005C2DA8 /* os_specific */ = {
			isa = PBXGroup;
			children = (
				B52C105A1B3F7D6A005C2DA8 /* desktop */,
				B52C105F1B3F7D6A005C2DA8 /* ios */,
			);
			path = os_specific;
			sourceTree = "<group>";
		};
		B52C105A1B3F7D6A005C2DA8 /* desktop */ = {
			isa = PBXGroup;
			children = (
				B52C105B1B3F7D6A005C2DA8 /* FileHandler_desktop.cpp */,
				B52C105C1B3F7D6A005C2DA8 /* Renderer_desktop.cpp */,
				B52C105D1B3F7D6A005C2DA8 /* TextureData_desktop.cpp */,
				B52C105E1B3F7D6A005C2DA8 /* View_desktop.cpp */,
			);
			path = desktop;
			sourceTree = "<group>";
		};
		B52C105F1B3F7D6A005C2DA8 /* ios */ = {
			isa = PBXGroup;
			children = (
				B52C10601B3F7D6A005C2DA8 /* BView.h */,
				B52C10611B3F7D6A005C2DA8 /* BView.mm */,
				B52C10621B3F7D6A005C2DA8 /* FileHandler_ios.mm */,
				B52C10631B3F7D6A005C2DA8 /* Renderer_ios.cpp */,
				B52C10641B3F7D6A005C2DA8 /* TextureData_ios.mm */,
				B52C10651B3F7D6A005C2DA8 /* View_ios.mm */,
			);
			path = ios;
			sourceTree = "<group>";
		};
		B5B0667B1B3765080060F2B4 /* data */ = {
			isa = PBXGroup;
			children = (
				B5B0667C1B3765080060F2B4 /* bTitle.frag */,
				B5B0667D1B3765080060F2B4 /* bTitle.mtl */,
				B5B0667E1B3765080060F2B4 /* bTitle.obj */,
				B5B0667F1B3765080060F2B4 /* bTitle.png */,
				B5B066801B3765080060F2B4 /* bTitle.vert */,
				B5B066811B3765080060F2B4 /* cave_start.frag */,
				B5B066821B3765080060F2B4 /* cave_start.mtl */,
				B5B066831B3765080060F2B4 /* cave_start.obj */,
				B5B066841B3765080060F2B4 /* cave_start.vert */,
				B5B066851B3765080060F2B4 /* caveStart_d.png */,
				B5B066861B3765080060F2B4 /* caveStart_n.png */,
				B5B066871B3765080060F2B4 /* crystal.mtl */,
				B5B066881B3765080060F2B4 /* crystal.obj */,
				B5B066891B3765080060F2B4 /* crystal_d.png */,
				B5B0668A1B3765080060F2B4 /* crystal_n.png */,
				B5B0668B1B3765080060F2B4 /* default.frag */,
				B5B0668C1B3765080060F2B4 /* default.vert */,
				B5B0668D1B3765080060F2B4 /* flame.frag */,
				B5B0668E1B3765080060F2B4 /* flame.mtl */,
				B5B0668F1B3765080060F2B4 /* flame.obj */,
				B5B066901B3765080060F2B4 /* flame.png */,
				B5B066911B3765080060F2B4 /* flame.vert */,
				B5B066921B3765080060F2B4 /* particle.png */,
				B5B066931B3765080060F2B4 /* particle_f.png */,
				B5B066941B3765080060F2B4 /* sparks.frag */,
				B5B066951B3765080060F2B4 /* sparks.mtl */,
				B5B066961B3765080060F2B4 /* sparks.obj */,
				B5B066971B3765080060F2B4 /* sparks.png */,
				B5B066981B3765080060F2B4 /* sparks.vert */,
				B5B066991B3765080060F2B4 /* torch.frag */,
				B5B0669A1B3765080060F2B4 /* torch.mtl */,
				B5B0669B1B3765080060F2B4 /* torch.obj */,
				B5B0669C1B3765080060F2B4 /* torch.vert */,
				B5B0669D1B3765080060F2B4 /* torchSurface_Color.png */,
			);
			path = data;
			sourceTree = "<group>";
		};
		B5B066C01B37650F0060F2B4 /* resources */ = {
			isa = PBXGroup;
			children = (
				B5B066C11B37650F0060F2B4 /* AppDelegate.h */,
				B5B066C21B37650F0060F2B4 /* AppDelegate.m */,
				B5B066C31B37650F0060F2B4 /* main.m */,
				B5B066C41B37650F0060F2B4 /* Project-Info.plist */,
				B5B066C51B37650F0060F2B4 /* Project-Prefix.pch */,
				B5B066C61B37650F0060F2B4 /* ViewController.h */,
				B5B066C71B37650F0060F2B4 /* ViewController.mm */,
			);
			name = resources;
			path = ios/resources;
			sourceTree = "<group>";
		};
		B5B066CC1B3765170060F2B4 /* headers */ = {
			isa = PBXGroup;
			children = (
				B5B066CD1B3765170060F2B4 /* ProjectMain.h */,
			);
			path = headers;
			sourceTree = "<group>";
		};
		B5B066CE1B3765170060F2B4 /* implementation */ = {
			isa = PBXGroup;
			children = (
				B5B066CF1B3765170060F2B4 /* ProjectMain.cpp */,
			);
			path = implementation;
			sourceTree = "<group>";
		};
		B5CF9A2E1B346EFD00114F5E /* Project */ = {
			isa = PBXGroup;
			children = (
				B5B066CC1B3765170060F2B4 /* headers */,
				B5B066CE1B3765170060F2B4 /* implementation */,
				B5B066C01B37650F0060F2B4 /* resources */,
				B5B0667B1B3765080060F2B4 /* data */,
			);
			name = Project;
			path = projects;
			sourceTree = "<group>";
		};
/* End PBXGroup section */

/* Begin PBXNativeTarget section */
		1D6058900D05DD3D006BFB54 /* bRenderer */ = {
			isa = PBXNativeTarget;
			buildConfigurationList = 1D6058960D05DD3E006BFB54 /* Build configuration list for PBXNativeTarget "bRenderer" */;
			buildPhases = (
				1D60588D0D05DD3D006BFB54 /* Resources */,
				1D60588E0D05DD3D006BFB54 /* Sources */,
				1D60588F0D05DD3D006BFB54 /* Frameworks */,
			);
			buildRules = (
			);
			dependencies = (
			);
			name = bRenderer;
			productName = Framework;
			productReference = B51CD54C1ACC481700994714 /* bRenderer.app */;
			productType = "com.apple.product-type.application";
		};
/* End PBXNativeTarget section */

/* Begin PBXProject section */
		29B97313FDCFA39411CA2CEA /* Project object */ = {
			isa = PBXProject;
			attributes = {
				LastUpgradeCheck = 0620;
				TargetAttributes = {
					1D6058900D05DD3D006BFB54 = {
						DevelopmentTeam = 94PFB8AHJE;
					};
				};
			};
			buildConfigurationList = C01FCF4E08A954540054247B /* Build configuration list for PBXProject "bRenderer" */;
			compatibilityVersion = "Xcode 3.2";
			developmentRegion = English;
			hasScannedForEncodings = 1;
			knownRegions = (
				English,
				Japanese,
				French,
				German,
			);
			mainGroup = 29B97314FDCFA39411CA2CEA /* CustomTemplate */;
			productRefGroup = 29B97314FDCFA39411CA2CEA /* CustomTemplate */;
			projectDirPath = "";
			projectRoot = "";
			targets = (
				1D6058900D05DD3D006BFB54 /* bRenderer */,
			);
		};
/* End PBXProject section */

/* Begin PBXResourcesBuildPhase section */
		1D60588D0D05DD3D006BFB54 /* Resources */ = {
			isa = PBXResourcesBuildPhase;
			buildActionMask = 2147483647;
			files = (
				B5B066B41B3765080060F2B4 /* particle.png in Resources */,
				B5B066AA1B3765080060F2B4 /* crystal.obj in Resources */,
				B5B066B01B3765080060F2B4 /* flame.mtl in Resources */,
				B5B066B61B3765080060F2B4 /* sparks.frag in Resources */,
				B5B066AE1B3765080060F2B4 /* default.vert in Resources */,
				B5B066B21B3765080060F2B4 /* flame.png in Resources */,
				B5B066AC1B3765080060F2B4 /* crystal_n.png in Resources */,
				B5B066A81B3765080060F2B4 /* caveStart_n.png in Resources */,
				B5B066A21B3765080060F2B4 /* bTitle.vert in Resources */,
				B5B066B71B3765080060F2B4 /* sparks.mtl in Resources */,
				B5B066BB1B3765080060F2B4 /* torch.frag in Resources */,
				B5B066A41B3765080060F2B4 /* cave_start.mtl in Resources */,
				B5B066BA1B3765080060F2B4 /* sparks.vert in Resources */,
				B5B066A31B3765080060F2B4 /* cave_start.frag in Resources */,
				B5B066BF1B3765080060F2B4 /* torchSurface_Color.png in Resources */,
				B5B066A51B3765080060F2B4 /* cave_start.obj in Resources */,
				B5B066B91B3765080060F2B4 /* sparks.png in Resources */,
				B5B066A71B3765080060F2B4 /* caveStart_d.png in Resources */,
				B5B066B81B3765080060F2B4 /* sparks.obj in Resources */,
				B5B066BD1B3765080060F2B4 /* torch.obj in Resources */,
				B5B066AB1B3765080060F2B4 /* crystal_d.png in Resources */,
				B5B066A01B3765080060F2B4 /* bTitle.obj in Resources */,
				B5B066AF1B3765080060F2B4 /* flame.frag in Resources */,
				B5B066A11B3765080060F2B4 /* bTitle.png in Resources */,
				B5B066A91B3765080060F2B4 /* crystal.mtl in Resources */,
				B5B0669E1B3765080060F2B4 /* bTitle.frag in Resources */,
				B5B066BC1B3765080060F2B4 /* torch.mtl in Resources */,
				B5B066B51B3765080060F2B4 /* particle_f.png in Resources */,
				B5B066A61B3765080060F2B4 /* cave_start.vert in Resources */,
				B5B0669F1B3765080060F2B4 /* bTitle.mtl in Resources */,
				B5B066AD1B3765080060F2B4 /* default.frag in Resources */,
				B5B066B31B3765080060F2B4 /* flame.vert in Resources */,
				B5B066CA1B37650F0060F2B4 /* Project-Info.plist in Resources */,
				B5B066BE1B3765080060F2B4 /* torch.vert in Resources */,
				B5B066B11B3765080060F2B4 /* flame.obj in Resources */,
			);
			runOnlyForDeploymentPostprocessing = 0;
		};
/* End PBXResourcesBuildPhase section */

/* Begin PBXSourcesBuildPhase section */
		1D60588E0D05DD3D006BFB54 /* Sources */ = {
			isa = PBXSourcesBuildPhase;
			buildActionMask = 2147483647;
			files = (
				B52C107C1B3F7D6A005C2DA8 /* Renderer_ios.cpp in Sources */,
				B52C10711B3F7D6A005C2DA8 /* ShaderData.cpp in Sources */,
				B52C10681B3F7D6A005C2DA8 /* Light.cpp in Sources */,
				B52C107D1B3F7D6A005C2DA8 /* TextureData_ios.mm in Sources */,
				B52C10751B3F7D6A005C2DA8 /* obj_parser.cpp in Sources */,
				B5B066D01B3765170060F2B4 /* ProjectMain.cpp in Sources */,
				B52C10731B3F7D6A005C2DA8 /* Texture.cpp in Sources */,
				B52C10721B3F7D6A005C2DA8 /* ShaderDataFile.cpp in Sources */,
				B52C10671B3F7D6A005C2DA8 /* Geometry.cpp in Sources */,
				B52C10691B3F7D6A005C2DA8 /* Logger.cpp in Sources */,
				B52C10741B3F7D6A005C2DA8 /* obj.cpp in Sources */,
				B52C10701B3F7D6A005C2DA8 /* Shader.cpp in Sources */,
				B52C106F1B3F7D6A005C2DA8 /* Renderer.cpp in Sources */,
				B5B066C91B37650F0060F2B4 /* main.m in Sources */,
				B52C106D1B3F7D6A005C2DA8 /* ModelData.cpp in Sources */,
				B52C10661B3F7D6A005C2DA8 /* Camera.cpp in Sources */,
				B52C106C1B3F7D6A005C2DA8 /* Model.cpp in Sources */,
				B52C107E1B3F7D6A005C2DA8 /* View_ios.mm in Sources */,
				B52C107A1B3F7D6A005C2DA8 /* BView.mm in Sources */,
				B5B066C81B37650F0060F2B4 /* AppDelegate.m in Sources */,
				B5B066CB1B37650F0060F2B4 /* ViewController.mm in Sources */,
				B52C106A1B3F7D6A005C2DA8 /* Material.cpp in Sources */,
				B52C106E1B3F7D6A005C2DA8 /* OBJLoader.cpp in Sources */,
				B52C107B1B3F7D6A005C2DA8 /* FileHandler_ios.mm in Sources */,
				B52C10771B3F7D6A005C2DA8 /* Renderer_desktop.cpp in Sources */,
				B52C10781B3F7D6A005C2DA8 /* TextureData_desktop.cpp in Sources */,
				B52C10791B3F7D6A005C2DA8 /* View_desktop.cpp in Sources */,
				B52C10761B3F7D6A005C2DA8 /* FileHandler_desktop.cpp in Sources */,
				B52C106B1B3F7D6A005C2DA8 /* MatrixStack.cpp in Sources */,
			);
			runOnlyForDeploymentPostprocessing = 0;
		};
/* End PBXSourcesBuildPhase section */

/* Begin XCBuildConfiguration section */
		1D6058940D05DD3E006BFB54 /* Debug */ = {
			isa = XCBuildConfiguration;
			buildSettings = {
				ALWAYS_SEARCH_USER_PATHS = NO;
				CLANG_CXX_LANGUAGE_STANDARD = "gnu++14";
				CLANG_CXX_LIBRARY = "compiler-default";
				CLANG_ENABLE_OBJC_ARC = YES;
				CODE_SIGN_IDENTITY = "iPhone Developer";
				COPY_PHASE_STRIP = NO;
				FRAMEWORK_SEARCH_PATHS = (
					"$(inherited)",
					"\"$(SYSTEM_APPS_DIR)/Xcode.app/Contents/Developer/Library/Frameworks\"",
				);
				GCC_C_LANGUAGE_STANDARD = "compiler-default";
				GCC_DYNAMIC_NO_PIC = NO;
				GCC_OPTIMIZATION_LEVEL = 0;
				GCC_PRECOMPILE_PREFIX_HEADER = YES;
				GCC_PREFIX_HEADER = "projects/ios/Resources/Project-Prefix.pch";
				"GCC_THUMB_SUPPORT[arch=armv6]" = "";
				HEADER_SEARCH_PATHS = (
					$SRCROOT/bRenderer,
					"$SRCROOT/externalLibraries/boost-library",
					"$SRCROOT/externalLibraries/vmmlib-library",
				);
				INFOPLIST_FILE = "$(SRCROOT)/projects/ios/Resources/Project-Info.plist";
				IPHONEOS_DEPLOYMENT_TARGET = 8.0;
				LIBRARY_SEARCH_PATHS = "$(inherited)";
				OTHER_CFLAGS = "";
				PRODUCT_NAME = bRenderer;
				TARGETED_DEVICE_FAMILY = 2;
			};
			name = Debug;
		};
		1D6058950D05DD3E006BFB54 /* Release */ = {
			isa = XCBuildConfiguration;
			buildSettings = {
				ALWAYS_SEARCH_USER_PATHS = NO;
				CLANG_CXX_LANGUAGE_STANDARD = "gnu++14";
				CLANG_CXX_LIBRARY = "compiler-default";
				CLANG_ENABLE_OBJC_ARC = YES;
				CODE_SIGN_IDENTITY = "iPhone Developer";
				COPY_PHASE_STRIP = YES;
				FRAMEWORK_SEARCH_PATHS = (
					"$(inherited)",
					"\"$(SYSTEM_APPS_DIR)/Xcode.app/Contents/Developer/Library/Frameworks\"",
				);
				GCC_C_LANGUAGE_STANDARD = "compiler-default";
				GCC_PRECOMPILE_PREFIX_HEADER = YES;
				GCC_PREFIX_HEADER = "projects/ios/Resources/Project-Prefix.pch";
				"GCC_THUMB_SUPPORT[arch=armv6]" = "";
				HEADER_SEARCH_PATHS = (
					$SRCROOT/bRenderer,
					"$SRCROOT/externalLibraries/boost-library",
					"$SRCROOT/externalLibraries/vmmlib-library",
				);
				INFOPLIST_FILE = "$(SRCROOT)/projects/ios/Resources/Project-Info.plist";
				IPHONEOS_DEPLOYMENT_TARGET = 8.0;
				LIBRARY_SEARCH_PATHS = "$(inherited)";
				OTHER_CFLAGS = "";
				PRODUCT_NAME = bRenderer;
				TARGETED_DEVICE_FAMILY = 2;
				VALIDATE_PRODUCT = YES;
			};
			name = Release;
		};
		C01FCF4F08A954540054247B /* Debug */ = {
			isa = XCBuildConfiguration;
			buildSettings = {
				"CODE_SIGN_IDENTITY[sdk=iphoneos*]" = "iPhone Developer";
				FRAMEWORK_SEARCH_PATHS = $SRCROOT;
				GCC_C_LANGUAGE_STANDARD = c99;
				GCC_PREPROCESSOR_DEFINITIONS = DEBUG;
				GCC_WARN_ABOUT_RETURN_TYPE = YES;
				GCC_WARN_UNUSED_VARIABLE = YES;
				HEADER_SEARCH_PATHS = $SRCROOT;
				ONLY_ACTIVE_ARCH = YES;
				PREBINDING = NO;
				SDKROOT = iphoneos;
				TARGETED_DEVICE_FAMILY = 2;
				USER_HEADER_SEARCH_PATHS = $SRCROOT;
			};
			name = Debug;
		};
		C01FCF5008A954540054247B /* Release */ = {
			isa = XCBuildConfiguration;
			buildSettings = {
				"CODE_SIGN_IDENTITY[sdk=iphoneos*]" = "iPhone Developer";
				FRAMEWORK_SEARCH_PATHS = $SRCROOT;
				GCC_C_LANGUAGE_STANDARD = c99;
				GCC_WARN_ABOUT_RETURN_TYPE = YES;
				GCC_WARN_UNUSED_VARIABLE = YES;
				HEADER_SEARCH_PATHS = $SRCROOT;
				OTHER_CFLAGS = "-DNS_BLOCK_ASSERTIONS=1";
				PREBINDING = NO;
				SDKROOT = iphoneos;
				TARGETED_DEVICE_FAMILY = 2;
				USER_HEADER_SEARCH_PATHS = $SRCROOT;
			};
			name = Release;
		};
/* End XCBuildConfiguration section */

/* Begin XCConfigurationList section */
		1D6058960D05DD3E006BFB54 /* Build configuration list for PBXNativeTarget "bRenderer" */ = {
			isa = XCConfigurationList;
			buildConfigurations = (
				1D6058940D05DD3E006BFB54 /* Debug */,
				1D6058950D05DD3E006BFB54 /* Release */,
			);
			defaultConfigurationIsVisible = 0;
			defaultConfigurationName = Release;
		};
		C01FCF4E08A954540054247B /* Build configuration list for PBXProject "bRenderer" */ = {
			isa = XCConfigurationList;
			buildConfigurations = (
				C01FCF4F08A954540054247B /* Debug */,
				C01FCF5008A954540054247B /* Release */,
			);
			defaultConfigurationIsVisible = 0;
			defaultConfigurationName = Release;
		};
/* End XCConfigurationList section */
	};
	rootObject = 29B97313FDCFA39411CA2CEA /* Project object */;
}
