<?xml version="1.0" encoding="utf-8"?>
<Project ToolsVersion="4.0" xmlns="http://schemas.microsoft.com/developer/msbuild/2003">
  <ItemGroup>
    <Filter Include="Source Files">
      <UniqueIdentifier>{4FC737F1-C7A5-4376-A066-2A32D752A2FF}</UniqueIdentifier>
      <Extensions>cpp;c;cc;cxx;def;odl;idl;hpj;bat;asm;asmx</Extensions>
    </Filter>
    <Filter Include="Header Files">
      <UniqueIdentifier>{93995380-89BD-4b04-88EB-625FBE52EBFB}</UniqueIdentifier>
      <Extensions>h;hh;hpp;hxx;hm;inl;inc;xsd</Extensions>
    </Filter>
    <Filter Include="Resource Files">
      <UniqueIdentifier>{67DA6AB6-F800-4c08-8B7A-83BB121AAD01}</UniqueIdentifier>
      <Extensions>rc;ico;cur;bmp;dlg;rc2;rct;bin;rgs;gif;jpg;jpeg;jpe;resx;tiff;tif;png;wav;mfcribbon-ms</Extensions>
    </Filter>
    <Filter Include="Source Files\Framework">
      <UniqueIdentifier>{4bb62e16-eabc-4ec1-b347-15105ebc0f56}</UniqueIdentifier>
    </Filter>
    <Filter Include="Source Files\Framework\Win32">
      <UniqueIdentifier>{596ff828-50d1-4a4e-addb-2bdcc634c241}</UniqueIdentifier>
    </Filter>
    <Filter Include="Header Files\Framework">
      <UniqueIdentifier>{f16087b9-5df7-4b46-b45f-fd86a47dd3f7}</UniqueIdentifier>
    </Filter>
    <Filter Include="Header Files\Framework\Win32">
      <UniqueIdentifier>{de05ddb8-f77e-4cff-a5cc-f0c6f4f4c41d}</UniqueIdentifier>
    </Filter>
    <Filter Include="Source Files\Project">
      <UniqueIdentifier>{ac08dc30-79d6-4699-82ae-45a3c9c61c62}</UniqueIdentifier>
    </Filter>
    <Filter Include="Header Files\Project">
      <UniqueIdentifier>{77dc4115-d7ee-4b40-b098-08e068022ccb}</UniqueIdentifier>
    </Filter>
  </ItemGroup>
  <ItemGroup>
    <ClCompile Include="implementation\TriangleTest.cpp">
      <Filter>Source Files\Project</Filter>
    </ClCompile>
    <ClCompile Include="..\..\framework\implementation\Logger.cpp">
      <Filter>Source Files\Framework</Filter>
    </ClCompile>
    <ClCompile Include="..\..\framework\os_specific\windows\bRenderer.cpp">
      <Filter>Source Files\Framework\Win32</Filter>
    </ClCompile>
    <ClCompile Include="implementation\main.cpp">
      <Filter>Source Files\Project</Filter>
    </ClCompile>
  </ItemGroup>
  <ItemGroup>
    <ClInclude Include="headers\TriangleTest.h">
      <Filter>Header Files\Project</Filter>
    </ClInclude>
    <ClInclude Include="..\..\framework\os_specific\windows\bRenderer.h">
      <Filter>Header Files\Framework\Win32</Filter>
    </ClInclude>
    <ClInclude Include="..\..\framework\os_specific\windows\Framework_GL.h">
      <Filter>Header Files\Framework\Win32</Filter>
    </ClInclude>
    <ClInclude Include="..\..\framework\headers\Logger.h">
      <Filter>Header Files\Framework</Filter>
    </ClInclude>
  </ItemGroup>
</Project>